# This file is automatically @generated by Poetry 1.8.3 and should not be changed by hand.

[[package]]
name = "grpcio"
version = "1.67.1"
description = "HTTP/2-based RPC framework"
optional = false
python-versions = ">=3.8"
files = [
    {file = "grpcio-1.67.1-cp310-cp310-linux_armv7l.whl", hash = "sha256:8b0341d66a57f8a3119b77ab32207072be60c9bf79760fa609c5609f2deb1f3f"},
    {file = "grpcio-1.67.1-cp310-cp310-macosx_12_0_universal2.whl", hash = "sha256:f5a27dddefe0e2357d3e617b9079b4bfdc91341a91565111a21ed6ebbc51b22d"},
    {file = "grpcio-1.67.1-cp310-cp310-manylinux_2_17_aarch64.whl", hash = "sha256:43112046864317498a33bdc4797ae6a268c36345a910de9b9c17159d8346602f"},
    {file = "grpcio-1.67.1-cp310-cp310-manylinux_2_17_i686.manylinux2014_i686.whl", hash = "sha256:c9b929f13677b10f63124c1a410994a401cdd85214ad83ab67cc077fc7e480f0"},
    {file = "grpcio-1.67.1-cp310-cp310-manylinux_2_17_x86_64.manylinux2014_x86_64.whl", hash = "sha256:e7d1797a8a3845437d327145959a2c0c47c05947c9eef5ff1a4c80e499dcc6fa"},
    {file = "grpcio-1.67.1-cp310-cp310-musllinux_1_1_i686.whl", hash = "sha256:0489063974d1452436139501bf6b180f63d4977223ee87488fe36858c5725292"},
    {file = "grpcio-1.67.1-cp310-cp310-musllinux_1_1_x86_64.whl", hash = "sha256:9fd042de4a82e3e7aca44008ee2fb5da01b3e5adb316348c21980f7f58adc311"},
    {file = "grpcio-1.67.1-cp310-cp310-win32.whl", hash = "sha256:638354e698fd0c6c76b04540a850bf1db27b4d2515a19fcd5cf645c48d3eb1ed"},
    {file = "grpcio-1.67.1-cp310-cp310-win_amd64.whl", hash = "sha256:608d87d1bdabf9e2868b12338cd38a79969eaf920c89d698ead08f48de9c0f9e"},
    {file = "grpcio-1.67.1-cp311-cp311-linux_armv7l.whl", hash = "sha256:7818c0454027ae3384235a65210bbf5464bd715450e30a3d40385453a85a70cb"},
    {file = "grpcio-1.67.1-cp311-cp311-macosx_10_9_universal2.whl", hash = "sha256:ea33986b70f83844cd00814cee4451055cd8cab36f00ac64a31f5bb09b31919e"},
    {file = "grpcio-1.67.1-cp311-cp311-manylinux_2_17_aarch64.whl", hash = "sha256:c7a01337407dd89005527623a4a72c5c8e2894d22bead0895306b23c6695698f"},
    {file = "grpcio-1.67.1-cp311-cp311-manylinux_2_17_i686.manylinux2014_i686.whl", hash = "sha256:80b866f73224b0634f4312a4674c1be21b2b4afa73cb20953cbbb73a6b36c3cc"},
    {file = "grpcio-1.67.1-cp311-cp311-manylinux_2_17_x86_64.manylinux2014_x86_64.whl", hash = "sha256:f9fff78ba10d4250bfc07a01bd6254a6d87dc67f9627adece85c0b2ed754fa96"},
    {file = "grpcio-1.67.1-cp311-cp311-musllinux_1_1_i686.whl", hash = "sha256:8a23cbcc5bb11ea7dc6163078be36c065db68d915c24f5faa4f872c573bb400f"},
    {file = "grpcio-1.67.1-cp311-cp311-musllinux_1_1_x86_64.whl", hash = "sha256:1a65b503d008f066e994f34f456e0647e5ceb34cfcec5ad180b1b44020ad4970"},
    {file = "grpcio-1.67.1-cp311-cp311-win32.whl", hash = "sha256:e29ca27bec8e163dca0c98084040edec3bc49afd10f18b412f483cc68c712744"},
    {file = "grpcio-1.67.1-cp311-cp311-win_amd64.whl", hash = "sha256:786a5b18544622bfb1e25cc08402bd44ea83edfb04b93798d85dca4d1a0b5be5"},
    {file = "grpcio-1.67.1-cp312-cp312-linux_armv7l.whl", hash = "sha256:267d1745894200e4c604958da5f856da6293f063327cb049a51fe67348e4f953"},
    {file = "grpcio-1.67.1-cp312-cp312-macosx_10_9_universal2.whl", hash = "sha256:85f69fdc1d28ce7cff8de3f9c67db2b0ca9ba4449644488c1e0303c146135ddb"},
    {file = "grpcio-1.67.1-cp312-cp312-manylinux_2_17_aarch64.whl", hash = "sha256:f26b0b547eb8d00e195274cdfc63ce64c8fc2d3e2d00b12bf468ece41a0423a0"},
    {file = "grpcio-1.67.1-cp312-cp312-manylinux_2_17_i686.manylinux2014_i686.whl", hash = "sha256:4422581cdc628f77302270ff839a44f4c24fdc57887dc2a45b7e53d8fc2376af"},
    {file = "grpcio-1.67.1-cp312-cp312-manylinux_2_17_x86_64.manylinux2014_x86_64.whl", hash = "sha256:1d7616d2ded471231c701489190379e0c311ee0a6c756f3c03e6a62b95a7146e"},
    {file = "grpcio-1.67.1-cp312-cp312-musllinux_1_1_i686.whl", hash = "sha256:8a00efecde9d6fcc3ab00c13f816313c040a28450e5e25739c24f432fc6d3c75"},
    {file = "grpcio-1.67.1-cp312-cp312-musllinux_1_1_x86_64.whl", hash = "sha256:699e964923b70f3101393710793289e42845791ea07565654ada0969522d0a38"},
    {file = "grpcio-1.67.1-cp312-cp312-win32.whl", hash = "sha256:4e7b904484a634a0fff132958dabdb10d63e0927398273917da3ee103e8d1f78"},
    {file = "grpcio-1.67.1-cp312-cp312-win_amd64.whl", hash = "sha256:5721e66a594a6c4204458004852719b38f3d5522082be9061d6510b455c90afc"},
    {file = "grpcio-1.67.1-cp313-cp313-linux_armv7l.whl", hash = "sha256:aa0162e56fd10a5547fac8774c4899fc3e18c1aa4a4759d0ce2cd00d3696ea6b"},
    {file = "grpcio-1.67.1-cp313-cp313-macosx_10_13_universal2.whl", hash = "sha256:beee96c8c0b1a75d556fe57b92b58b4347c77a65781ee2ac749d550f2a365dc1"},
    {file = "grpcio-1.67.1-cp313-cp313-manylinux_2_17_aarch64.whl", hash = "sha256:a93deda571a1bf94ec1f6fcda2872dad3ae538700d94dc283c672a3b508ba3af"},
    {file = "grpcio-1.67.1-cp313-cp313-manylinux_2_17_i686.manylinux2014_i686.whl", hash = "sha256:0e6f255980afef598a9e64a24efce87b625e3e3c80a45162d111a461a9f92955"},
    {file = "grpcio-1.67.1-cp313-cp313-manylinux_2_17_x86_64.manylinux2014_x86_64.whl", hash = "sha256:9e838cad2176ebd5d4a8bb03955138d6589ce9e2ce5d51c3ada34396dbd2dba8"},
    {file = "grpcio-1.67.1-cp313-cp313-musllinux_1_1_i686.whl", hash = "sha256:a6703916c43b1d468d0756c8077b12017a9fcb6a1ef13faf49e67d20d7ebda62"},
    {file = "grpcio-1.67.1-cp313-cp313-musllinux_1_1_x86_64.whl", hash = "sha256:917e8d8994eed1d86b907ba2a61b9f0aef27a2155bca6cbb322430fc7135b7bb"},
    {file = "grpcio-1.67.1-cp313-cp313-win32.whl", hash = "sha256:e279330bef1744040db8fc432becc8a727b84f456ab62b744d3fdb83f327e121"},
    {file = "grpcio-1.67.1-cp313-cp313-win_amd64.whl", hash = "sha256:fa0c739ad8b1996bd24823950e3cb5152ae91fca1c09cc791190bf1627ffefba"},
    {file = "grpcio-1.67.1-cp38-cp38-linux_armv7l.whl", hash = "sha256:178f5db771c4f9a9facb2ab37a434c46cb9be1a75e820f187ee3d1e7805c4f65"},
    {file = "grpcio-1.67.1-cp38-cp38-macosx_10_9_universal2.whl", hash = "sha256:0f3e49c738396e93b7ba9016e153eb09e0778e776df6090c1b8c91877cc1c426"},
    {file = "grpcio-1.67.1-cp38-cp38-manylinux_2_17_aarch64.whl", hash = "sha256:24e8a26dbfc5274d7474c27759b54486b8de23c709d76695237515bc8b5baeab"},
    {file = "grpcio-1.67.1-cp38-cp38-manylinux_2_17_i686.manylinux2014_i686.whl", hash = "sha256:3b6c16489326d79ead41689c4b84bc40d522c9a7617219f4ad94bc7f448c5085"},
    {file = "grpcio-1.67.1-cp38-cp38-manylinux_2_17_x86_64.manylinux2014_x86_64.whl", hash = "sha256:60e6a4dcf5af7bbc36fd9f81c9f372e8ae580870a9e4b6eafe948cd334b81cf3"},
    {file = "grpcio-1.67.1-cp38-cp38-musllinux_1_1_i686.whl", hash = "sha256:95b5f2b857856ed78d72da93cd7d09b6db8ef30102e5e7fe0961fe4d9f7d48e8"},
    {file = "grpcio-1.67.1-cp38-cp38-musllinux_1_1_x86_64.whl", hash = "sha256:b49359977c6ec9f5d0573ea4e0071ad278ef905aa74e420acc73fd28ce39e9ce"},
    {file = "grpcio-1.67.1-cp38-cp38-win32.whl", hash = "sha256:f5b76ff64aaac53fede0cc93abf57894ab2a7362986ba22243d06218b93efe46"},
    {file = "grpcio-1.67.1-cp38-cp38-win_amd64.whl", hash = "sha256:804c6457c3cd3ec04fe6006c739579b8d35c86ae3298ffca8de57b493524b771"},
    {file = "grpcio-1.67.1-cp39-cp39-linux_armv7l.whl", hash = "sha256:a25bdea92b13ff4d7790962190bf6bf5c4639876e01c0f3dda70fc2769616335"},
    {file = "grpcio-1.67.1-cp39-cp39-macosx_10_9_universal2.whl", hash = "sha256:cdc491ae35a13535fd9196acb5afe1af37c8237df2e54427be3eecda3653127e"},
    {file = "grpcio-1.67.1-cp39-cp39-manylinux_2_17_aarch64.whl", hash = "sha256:85f862069b86a305497e74d0dc43c02de3d1d184fc2c180993aa8aa86fbd19b8"},
    {file = "grpcio-1.67.1-cp39-cp39-manylinux_2_17_i686.manylinux2014_i686.whl", hash = "sha256:ec74ef02010186185de82cc594058a3ccd8d86821842bbac9873fd4a2cf8be8d"},
    {file = "grpcio-1.67.1-cp39-cp39-manylinux_2_17_x86_64.manylinux2014_x86_64.whl", hash = "sha256:01f616a964e540638af5130469451cf580ba8c7329f45ca998ab66e0c7dcdb04"},
    {file = "grpcio-1.67.1-cp39-cp39-musllinux_1_1_i686.whl", hash = "sha256:299b3d8c4f790c6bcca485f9963b4846dd92cf6f1b65d3697145d005c80f9fe8"},
    {file = "grpcio-1.67.1-cp39-cp39-musllinux_1_1_x86_64.whl", hash = "sha256:60336bff760fbb47d7e86165408126f1dded184448e9a4c892189eb7c9d3f90f"},
    {file = "grpcio-1.67.1-cp39-cp39-win32.whl", hash = "sha256:5ed601c4c6008429e3d247ddb367fe8c7259c355757448d7c1ef7bd4a6739e8e"},
    {file = "grpcio-1.67.1-cp39-cp39-win_amd64.whl", hash = "sha256:5db70d32d6703b89912af16d6d45d78406374a8b8ef0d28140351dd0ec610e98"},
    {file = "grpcio-1.67.1.tar.gz", hash = "sha256:3dc2ed4cabea4dc14d5e708c2b426205956077cc5de419b4d4079315017e9732"},
]

[package.extras]
protobuf = ["grpcio-tools (>=1.67.1)"]

[[package]]
name = "grpcio-tools"
version = "1.67.1"
description = "Protobuf code generator for gRPC"
optional = false
python-versions = ">=3.8"
files = [
    {file = "grpcio_tools-1.67.1-cp310-cp310-linux_armv7l.whl", hash = "sha256:c701aaa51fde1f2644bd94941aa94c337adb86f25cd03cf05e37387aaea25800"},
    {file = "grpcio_tools-1.67.1-cp310-cp310-macosx_12_0_universal2.whl", hash = "sha256:6a722bba714392de2386569c40942566b83725fa5c5450b8910e3832a5379469"},
    {file = "grpcio_tools-1.67.1-cp310-cp310-manylinux_2_17_aarch64.whl", hash = "sha256:0c7415235cb154e40b5ae90e2a172a0eb8c774b6876f53947cf0af05c983d549"},
    {file = "grpcio_tools-1.67.1-cp310-cp310-manylinux_2_17_i686.manylinux2014_i686.whl", hash = "sha256:6a4c459098c4934f9470280baf9ff8b38c365e147f33c8abc26039a948a664a5"},
    {file = "grpcio_tools-1.67.1-cp310-cp310-manylinux_2_17_x86_64.manylinux2014_x86_64.whl", hash = "sha256:e89bf53a268f55c16989dab1cf0b32a5bff910762f138136ffad4146129b7a10"},
    {file = "grpcio_tools-1.67.1-cp310-cp310-musllinux_1_1_i686.whl", hash = "sha256:f09cb3e6bcb140f57b878580cf3b848976f67faaf53d850a7da9bfac12437068"},
    {file = "grpcio_tools-1.67.1-cp310-cp310-musllinux_1_1_x86_64.whl", hash = "sha256:616dd0c6686212ca90ff899bb37eb774798677e43dc6f78c6954470782d37399"},
    {file = "grpcio_tools-1.67.1-cp310-cp310-win32.whl", hash = "sha256:58a66dbb3f0fef0396737ac09d6571a7f8d96a544ce3ed04c161f3d4fa8d51cc"},
    {file = "grpcio_tools-1.67.1-cp310-cp310-win_amd64.whl", hash = "sha256:89ee7c505bdf152e67c2cced6055aed4c2d4170f53a2b46a7e543d3b90e7b977"},
    {file = "grpcio_tools-1.67.1-cp311-cp311-linux_armv7l.whl", hash = "sha256:6d80ddd87a2fb7131d242f7d720222ef4f0f86f53ec87b0a6198c343d8e4a86e"},
    {file = "grpcio_tools-1.67.1-cp311-cp311-macosx_10_9_universal2.whl", hash = "sha256:b655425b82df51f3bd9fd3ba1a6282d5c9ce1937709f059cb3d419b224532d89"},
    {file = "grpcio_tools-1.67.1-cp311-cp311-manylinux_2_17_aarch64.whl", hash = "sha256:250241e6f9d20d0910a46887dfcbf2ec9108efd3b48f3fb95bb42d50d09d03f8"},
    {file = "grpcio_tools-1.67.1-cp311-cp311-manylinux_2_17_i686.manylinux2014_i686.whl", hash = "sha256:6008f5a5add0b6f03082edb597acf20d5a9e4e7c55ea1edac8296c19e6a0ec8d"},
    {file = "grpcio_tools-1.67.1-cp311-cp311-manylinux_2_17_x86_64.manylinux2014_x86_64.whl", hash = "sha256:5eff9818c3831fa23735db1fa39aeff65e790044d0a312260a0c41ae29cc2d9e"},
    {file = "grpcio_tools-1.67.1-cp311-cp311-musllinux_1_1_i686.whl", hash = "sha256:262ab7c40113f8c3c246e28e369661ddf616a351cb34169b8ba470c9a9c3b56f"},
    {file = "grpcio_tools-1.67.1-cp311-cp311-musllinux_1_1_x86_64.whl", hash = "sha256:1eebd8c746adf5786fa4c3056258c21cc470e1eca51d3ed23a7fb6a697fe4e81"},
    {file = "grpcio_tools-1.67.1-cp311-cp311-win32.whl", hash = "sha256:3eff92fb8ca1dd55e3af0ef02236c648921fb7d0e8ca206b889585804b3659ae"},
    {file = "grpcio_tools-1.67.1-cp311-cp311-win_amd64.whl", hash = "sha256:1ed18281ee17e5e0f9f6ce0c6eb3825ca9b5a0866fc1db2e17fab8aca28b8d9f"},
    {file = "grpcio_tools-1.67.1-cp312-cp312-linux_armv7l.whl", hash = "sha256:bd5caef3a484e226d05a3f72b2d69af500dca972cf434bf6b08b150880166f0b"},
    {file = "grpcio_tools-1.67.1-cp312-cp312-macosx_10_9_universal2.whl", hash = "sha256:48a2d63d1010e5b218e8e758ecb2a8d63c0c6016434e9f973df1c3558917020a"},
    {file = "grpcio_tools-1.67.1-cp312-cp312-manylinux_2_17_aarch64.whl", hash = "sha256:baa64a6aa009bffe86309e236c81b02cd4a88c1ebd66f2d92e84e9b97a9ae857"},
    {file = "grpcio_tools-1.67.1-cp312-cp312-manylinux_2_17_i686.manylinux2014_i686.whl", hash = "sha256:4ab318c40b5e3c097a159035fc3e4ecfbe9b3d2c9de189e55468b2c27639a6ab"},
    {file = "grpcio_tools-1.67.1-cp312-cp312-manylinux_2_17_x86_64.manylinux2014_x86_64.whl", hash = "sha256:50eba3e31f9ac1149463ad9182a37349850904f142cffbd957cd7f54ec320b8e"},
    {file = "grpcio_tools-1.67.1-cp312-cp312-musllinux_1_1_i686.whl", hash = "sha256:de6fbc071ecc4fe6e354a7939202191c1f1abffe37fbce9b08e7e9a5b93eba3d"},
    {file = "grpcio_tools-1.67.1-cp312-cp312-musllinux_1_1_x86_64.whl", hash = "sha256:db9e87f6ea4b0ce99b2651203480585fd9e8dd0dd122a19e46836e93e3a1b749"},
    {file = "grpcio_tools-1.67.1-cp312-cp312-win32.whl", hash = "sha256:6a595a872fb720dde924c4e8200f41d5418dd6baab8cc1a3c1e540f8f4596351"},
    {file = "grpcio_tools-1.67.1-cp312-cp312-win_amd64.whl", hash = "sha256:92eebb9b31031604ae97ea7657ae2e43149b0394af7117ad7e15894b6cc136dc"},
    {file = "grpcio_tools-1.67.1-cp313-cp313-linux_armv7l.whl", hash = "sha256:9a3b9510cc87b6458b05ad49a6dee38df6af37f9ee6aa027aa086537798c3d4a"},
    {file = "grpcio_tools-1.67.1-cp313-cp313-macosx_10_13_universal2.whl", hash = "sha256:9e4c9b9fa9b905f15d414cb7bd007ba7499f8907bdd21231ab287a86b27da81a"},
    {file = "grpcio_tools-1.67.1-cp313-cp313-manylinux_2_17_aarch64.whl", hash = "sha256:e11a98b41af4bc88b7a738232b8fa0306ad82c79fa5d7090bb607f183a57856f"},
    {file = "grpcio_tools-1.67.1-cp313-cp313-manylinux_2_17_i686.manylinux2014_i686.whl", hash = "sha256:de0fcfe61c26679d64b1710746f2891f359593f76894fcf492c37148d5694f00"},
    {file = "grpcio_tools-1.67.1-cp313-cp313-manylinux_2_17_x86_64.manylinux2014_x86_64.whl", hash = "sha256:7ae3b3e2ee5aad59dece65a613624c46a84c9582fc3642686537c6dfae8e47dc"},
    {file = "grpcio_tools-1.67.1-cp313-cp313-musllinux_1_1_i686.whl", hash = "sha256:9a630f83505b6471a3094a7a372a1240de18d0cd3e64f4fbf46b361bac2be65b"},
    {file = "grpcio_tools-1.67.1-cp313-cp313-musllinux_1_1_x86_64.whl", hash = "sha256:d85a1fcbacd3e08dc2b3d1d46b749351a9a50899fa35cf2ff040e1faf7d405ad"},
    {file = "grpcio_tools-1.67.1-cp313-cp313-win32.whl", hash = "sha256:778470f025f25a1fca5a48c93c0a18af395b46b12dd8df7fca63736b85181f41"},
    {file = "grpcio_tools-1.67.1-cp313-cp313-win_amd64.whl", hash = "sha256:6961da86e9856b4ddee0bf51ef6636b4bf9c29c0715aa71f3c8f027c45d42654"},
    {file = "grpcio_tools-1.67.1-cp38-cp38-linux_armv7l.whl", hash = "sha256:c088dfbbe289bb171ca9c98fabbf7ecc8c1c51af2ba384ef32a4fdcb784b17e9"},
    {file = "grpcio_tools-1.67.1-cp38-cp38-macosx_10_9_universal2.whl", hash = "sha256:11ce546daf8f8c04ee8d4a1673b4754cda4a0a9d505d820efd636e37f46b50c5"},
    {file = "grpcio_tools-1.67.1-cp38-cp38-manylinux_2_17_aarch64.whl", hash = "sha256:83fecb2f6119ef0eea68a091964898418c1969375d399956ff8d1741beb7b081"},
    {file = "grpcio_tools-1.67.1-cp38-cp38-manylinux_2_17_i686.manylinux2014_i686.whl", hash = "sha256:d39c1aa6b26e2602d815b9cfa37faba48b2889680ae6baa002560cf0f0c69fac"},
    {file = "grpcio_tools-1.67.1-cp38-cp38-manylinux_2_17_x86_64.manylinux2014_x86_64.whl", hash = "sha256:e975dc9fb61a77d88e739eb17b3361f369d03cc754217f02dd83ec7cfac32e38"},
    {file = "grpcio_tools-1.67.1-cp38-cp38-musllinux_1_1_i686.whl", hash = "sha256:6c6e5c5b15f2eedc2a81268d588d14a79a52020383bf87b3c7595df7b571504a"},
    {file = "grpcio_tools-1.67.1-cp38-cp38-musllinux_1_1_x86_64.whl", hash = "sha256:a974e0ce01806adba718e6eb8c385defe6805b18969b6914da7db55fb055ae45"},
    {file = "grpcio_tools-1.67.1-cp38-cp38-win32.whl", hash = "sha256:35e9b0a82be9f425aa67ee1dc69ba02cf135aeee3f22c0455c5d1b01769bbdb4"},
    {file = "grpcio_tools-1.67.1-cp38-cp38-win_amd64.whl", hash = "sha256:0436c97f29e654d2eccd7419907ee019caf7eea6bdc6ae91d98011f6c5f44f17"},
    {file = "grpcio_tools-1.67.1-cp39-cp39-linux_armv7l.whl", hash = "sha256:718fbb6d68a3d000cb3cf381642660eade0e8c1b0bf7472b84b3367f5b56171d"},
    {file = "grpcio_tools-1.67.1-cp39-cp39-macosx_10_9_universal2.whl", hash = "sha256:062887d2e9cb8bc261c21a2b8da714092893ce62b4e072775eaa9b24dcbf3b31"},
    {file = "grpcio_tools-1.67.1-cp39-cp39-manylinux_2_17_aarch64.whl", hash = "sha256:59dbf14a1ce928bf03a58fa157034374411159ab5d32ad83cf146d9400eed618"},
    {file = "grpcio_tools-1.67.1-cp39-cp39-manylinux_2_17_i686.manylinux2014_i686.whl", hash = "sha256:ac552fc9c76d50408d7141e1fd1eae69d85fbf7ae71da4d8877eaa07127fbe74"},
    {file = "grpcio_tools-1.67.1-cp39-cp39-manylinux_2_17_x86_64.manylinux2014_x86_64.whl", hash = "sha256:5c6583773400e441dc62d08b5a32357babef1a9f9f73c3ac328a75af550815a9"},
    {file = "grpcio_tools-1.67.1-cp39-cp39-musllinux_1_1_i686.whl", hash = "sha256:862108f90f2f6408908e5ea4584c5104f7caf419c6d73aa3ff36bf8284cca224"},
    {file = "grpcio_tools-1.67.1-cp39-cp39-musllinux_1_1_x86_64.whl", hash = "sha256:587c6326425f37dca2291f46b93e446c07ee781cea27725865b806b7a049ec56"},
    {file = "grpcio_tools-1.67.1-cp39-cp39-win32.whl", hash = "sha256:d7d46a4405bd763525215b6e073888386587aef9b4a5ec125bf97ba897ac757d"},
    {file = "grpcio_tools-1.67.1-cp39-cp39-win_amd64.whl", hash = "sha256:e2fc7980e8bab3ee5ab98b6fdc2a8fbaa4785f196d897531346176fda49a605c"},
    {file = "grpcio_tools-1.67.1.tar.gz", hash = "sha256:d9657f5ddc62b52f58904e6054b7d8a8909ed08a1e28b734be3a707087bcf004"},
]

[package.dependencies]
grpcio = ">=1.67.1"
protobuf = ">=5.26.1,<6.0dev"
setuptools = "*"

[[package]]
name = "numpy"
version = "1.24.4"
description = "Fundamental package for array computing in Python"
optional = false
python-versions = ">=3.8"
files = [
    {file = "numpy-1.24.4-cp310-cp310-macosx_10_9_x86_64.whl", hash = "sha256:c0bfb52d2169d58c1cdb8cc1f16989101639b34c7d3ce60ed70b19c63eba0b64"},
    {file = "numpy-1.24.4-cp310-cp310-macosx_11_0_arm64.whl", hash = "sha256:ed094d4f0c177b1b8e7aa9cba7d6ceed51c0e569a5318ac0ca9a090680a6a1b1"},
    {file = "numpy-1.24.4-cp310-cp310-manylinux_2_17_aarch64.manylinux2014_aarch64.whl", hash = "sha256:79fc682a374c4a8ed08b331bef9c5f582585d1048fa6d80bc6c35bc384eee9b4"},
    {file = "numpy-1.24.4-cp310-cp310-manylinux_2_17_x86_64.manylinux2014_x86_64.whl", hash = "sha256:7ffe43c74893dbf38c2b0a1f5428760a1a9c98285553c89e12d70a96a7f3a4d6"},
    {file = "numpy-1.24.4-cp310-cp310-win32.whl", hash = "sha256:4c21decb6ea94057331e111a5bed9a79d335658c27ce2adb580fb4d54f2ad9bc"},
    {file = "numpy-1.24.4-cp310-cp310-win_amd64.whl", hash = "sha256:b4bea75e47d9586d31e892a7401f76e909712a0fd510f58f5337bea9572c571e"},
    {file = "numpy-1.24.4-cp311-cp311-macosx_10_9_x86_64.whl", hash = "sha256:f136bab9c2cfd8da131132c2cf6cc27331dd6fae65f95f69dcd4ae3c3639c810"},
    {file = "numpy-1.24.4-cp311-cp311-macosx_11_0_arm64.whl", hash = "sha256:e2926dac25b313635e4d6cf4dc4e51c8c0ebfed60b801c799ffc4c32bf3d1254"},
    {file = "numpy-1.24.4-cp311-cp311-manylinux_2_17_aarch64.manylinux2014_aarch64.whl", hash = "sha256:222e40d0e2548690405b0b3c7b21d1169117391c2e82c378467ef9ab4c8f0da7"},
    {file = "numpy-1.24.4-cp311-cp311-manylinux_2_17_x86_64.manylinux2014_x86_64.whl", hash = "sha256:7215847ce88a85ce39baf9e89070cb860c98fdddacbaa6c0da3ffb31b3350bd5"},
    {file = "numpy-1.24.4-cp311-cp311-win32.whl", hash = "sha256:4979217d7de511a8d57f4b4b5b2b965f707768440c17cb70fbf254c4b225238d"},
    {file = "numpy-1.24.4-cp311-cp311-win_amd64.whl", hash = "sha256:b7b1fc9864d7d39e28f41d089bfd6353cb5f27ecd9905348c24187a768c79694"},
    {file = "numpy-1.24.4-cp38-cp38-macosx_10_9_x86_64.whl", hash = "sha256:1452241c290f3e2a312c137a9999cdbf63f78864d63c79039bda65ee86943f61"},
    {file = "numpy-1.24.4-cp38-cp38-macosx_11_0_arm64.whl", hash = "sha256:04640dab83f7c6c85abf9cd729c5b65f1ebd0ccf9de90b270cd61935eef0197f"},
    {file = "numpy-1.24.4-cp38-cp38-manylinux_2_17_aarch64.manylinux2014_aarch64.whl", hash = "sha256:a5425b114831d1e77e4b5d812b69d11d962e104095a5b9c3b641a218abcc050e"},
    {file = "numpy-1.24.4-cp38-cp38-manylinux_2_17_x86_64.manylinux2014_x86_64.whl", hash = "sha256:dd80e219fd4c71fc3699fc1dadac5dcf4fd882bfc6f7ec53d30fa197b8ee22dc"},
    {file = "numpy-1.24.4-cp38-cp38-win32.whl", hash = "sha256:4602244f345453db537be5314d3983dbf5834a9701b7723ec28923e2889e0bb2"},
    {file = "numpy-1.24.4-cp38-cp38-win_amd64.whl", hash = "sha256:692f2e0f55794943c5bfff12b3f56f99af76f902fc47487bdfe97856de51a706"},
    {file = "numpy-1.24.4-cp39-cp39-macosx_10_9_x86_64.whl", hash = "sha256:2541312fbf09977f3b3ad449c4e5f4bb55d0dbf79226d7724211acc905049400"},
    {file = "numpy-1.24.4-cp39-cp39-macosx_11_0_arm64.whl", hash = "sha256:9667575fb6d13c95f1b36aca12c5ee3356bf001b714fc354eb5465ce1609e62f"},
    {file = "numpy-1.24.4-cp39-cp39-manylinux_2_17_aarch64.manylinux2014_aarch64.whl", hash = "sha256:f3a86ed21e4f87050382c7bc96571755193c4c1392490744ac73d660e8f564a9"},
    {file = "numpy-1.24.4-cp39-cp39-manylinux_2_17_x86_64.manylinux2014_x86_64.whl", hash = "sha256:d11efb4dbecbdf22508d55e48d9c8384db795e1b7b51ea735289ff96613ff74d"},
    {file = "numpy-1.24.4-cp39-cp39-win32.whl", hash = "sha256:6620c0acd41dbcb368610bb2f4d83145674040025e5536954782467100aa8835"},
    {file = "numpy-1.24.4-cp39-cp39-win_amd64.whl", hash = "sha256:befe2bf740fd8373cf56149a5c23a0f601e82869598d41f8e188a0e9869926f8"},
    {file = "numpy-1.24.4-pp38-pypy38_pp73-macosx_10_9_x86_64.whl", hash = "sha256:31f13e25b4e304632a4619d0e0777662c2ffea99fcae2029556b17d8ff958aef"},
    {file = "numpy-1.24.4-pp38-pypy38_pp73-manylinux_2_17_x86_64.manylinux2014_x86_64.whl", hash = "sha256:95f7ac6540e95bc440ad77f56e520da5bf877f87dca58bd095288dce8940532a"},
    {file = "numpy-1.24.4-pp38-pypy38_pp73-win_amd64.whl", hash = "sha256:e98f220aa76ca2a977fe435f5b04d7b3470c0a2e6312907b37ba6068f26787f2"},
    {file = "numpy-1.24.4.tar.gz", hash = "sha256:80f5e3a4e498641401868df4208b74581206afbee7cf7b8329daae82676d9463"},
]

[[package]]
name = "pika"
version = "1.3.2"
description = "Pika Python AMQP Client Library"
optional = false
python-versions = ">=3.7"
files = [
    {file = "pika-1.3.2-py3-none-any.whl", hash = "sha256:0779a7c1fafd805672796085560d290213a465e4f6f76a6fb19e378d8041a14f"},
    {file = "pika-1.3.2.tar.gz", hash = "sha256:b2a327ddddf8570b4965b3576ac77091b850262d34ce8c1d8cb4e4146aa4145f"},
]

[package.extras]
gevent = ["gevent"]
tornado = ["tornado"]
twisted = ["twisted"]

[[package]]
name = "protobuf"
version = "5.28.3"
description = ""
optional = false
python-versions = ">=3.8"
files = [
    {file = "protobuf-5.28.3-cp310-abi3-win32.whl", hash = "sha256:0c4eec6f987338617072592b97943fdbe30d019c56126493111cf24344c1cc24"},
    {file = "protobuf-5.28.3-cp310-abi3-win_amd64.whl", hash = "sha256:91fba8f445723fcf400fdbe9ca796b19d3b1242cd873907979b9ed71e4afe868"},
    {file = "protobuf-5.28.3-cp38-abi3-macosx_10_9_universal2.whl", hash = "sha256:a3f6857551e53ce35e60b403b8a27b0295f7d6eb63d10484f12bc6879c715687"},
    {file = "protobuf-5.28.3-cp38-abi3-manylinux2014_aarch64.whl", hash = "sha256:3fa2de6b8b29d12c61911505d893afe7320ce7ccba4df913e2971461fa36d584"},
    {file = "protobuf-5.28.3-cp38-abi3-manylinux2014_x86_64.whl", hash = "sha256:712319fbdddb46f21abb66cd33cb9e491a5763b2febd8f228251add221981135"},
    {file = "protobuf-5.28.3-cp38-cp38-win32.whl", hash = "sha256:3e6101d095dfd119513cde7259aa703d16c6bbdfae2554dfe5cfdbe94e32d548"},
    {file = "protobuf-5.28.3-cp38-cp38-win_amd64.whl", hash = "sha256:27b246b3723692bf1068d5734ddaf2fccc2cdd6e0c9b47fe099244d80200593b"},
    {file = "protobuf-5.28.3-cp39-cp39-win32.whl", hash = "sha256:135658402f71bbd49500322c0f736145731b16fc79dc8f367ab544a17eab4535"},
    {file = "protobuf-5.28.3-cp39-cp39-win_amd64.whl", hash = "sha256:70585a70fc2dd4818c51287ceef5bdba6387f88a578c86d47bb34669b5552c36"},
    {file = "protobuf-5.28.3-py3-none-any.whl", hash = "sha256:cee1757663fa32a1ee673434fcf3bf24dd54763c79690201208bafec62f19eed"},
    {file = "protobuf-5.28.3.tar.gz", hash = "sha256:64badbc49180a5e401f373f9ce7ab1d18b63f7dd4a9cdc43c92b9f0b481cef7b"},
]

[[package]]
name = "pyedflib"
version = "0.1.38"
description = "library to read/write EDF+/BDF+ files"
optional = false
python-versions = "*"
files = [
    {file = "pyEDFlib-0.1.38-cp310-cp310-macosx_10_9_x86_64.whl", hash = "sha256:9b8e8b92d697f31c30d30b505e56b518d9f53a8d3372fdc74feeb0388ac8c319"},
    {file = "pyEDFlib-0.1.38-cp310-cp310-macosx_11_0_arm64.whl", hash = "sha256:2e851a344946752abaf9811a9cb3bc13f0d9cd08725c9871daee4e500babbee7"},
    {file = "pyEDFlib-0.1.38-cp310-cp310-manylinux_2_17_aarch64.manylinux2014_aarch64.whl", hash = "sha256:3dec3668f247d186b67a43764411f2f5f989968d1e4cce5b5bb50dcb068c7166"},
    {file = "pyEDFlib-0.1.38-cp310-cp310-manylinux_2_17_x86_64.manylinux2014_x86_64.whl", hash = "sha256:b9ec363d2549351e67046df6319468c1c4ef48120ed1d62c214de40a04a62b2b"},
    {file = "pyEDFlib-0.1.38-cp310-cp310-manylinux_2_5_i686.manylinux1_i686.manylinux_2_17_i686.manylinux2014_i686.whl", hash = "sha256:a4091585e38ce3a5ff8f5ec9b917fc3deb0787bc122cfd52bf40cf7e61ff10ec"},
    {file = "pyEDFlib-0.1.38-cp310-cp310-musllinux_1_2_i686.whl", hash = "sha256:49cd5a8d8a9c0f2e21fe74ca6eca420617383d163f79142d34ff4c790a1faf49"},
    {file = "pyEDFlib-0.1.38-cp310-cp310-musllinux_1_2_x86_64.whl", hash = "sha256:47e037bc273f76bd6e7ab6284917a958797db6880933b21f11a23d7f076b250f"},
    {file = "pyEDFlib-0.1.38-cp310-cp310-win32.whl", hash = "sha256:87cfaab20b67689965af98750b4427b8d5f5832967ad511e28c33a25122000e0"},
    {file = "pyEDFlib-0.1.38-cp310-cp310-win_amd64.whl", hash = "sha256:99c2f5382def5d3b0a7990c72ae219ccbd404b30a59f6ee08adabc1677e5605a"},
    {file = "pyEDFlib-0.1.38-cp311-cp311-macosx_10_9_x86_64.whl", hash = "sha256:3055460e7b8f4bfb5e950ba5032017006654cfbc44ee2c9bd0a1cf966d2f9dde"},
    {file = "pyEDFlib-0.1.38-cp311-cp311-macosx_11_0_arm64.whl", hash = "sha256:865fcbb658925b2f971672d8aef6c0482abee340988e75f4d16815aa8ee0a0bf"},
    {file = "pyEDFlib-0.1.38-cp311-cp311-manylinux_2_17_aarch64.manylinux2014_aarch64.whl", hash = "sha256:549cb7188235a41ccd9b1f2acbe614739d5ad01d05bb1d28c750205c2a44c4dd"},
    {file = "pyEDFlib-0.1.38-cp311-cp311-manylinux_2_17_x86_64.manylinux2014_x86_64.whl", hash = "sha256:7a44ac4ddf9c75116b3d60955a6ef70c2d31f7028c5b60aad11cb4bc6ea0a82c"},
    {file = "pyEDFlib-0.1.38-cp311-cp311-manylinux_2_5_i686.manylinux1_i686.manylinux_2_17_i686.manylinux2014_i686.whl", hash = "sha256:e4d96733cdf24bf738c9bee2398bff3c566ababe60441a24fb15d4af39939140"},
    {file = "pyEDFlib-0.1.38-cp311-cp311-musllinux_1_2_i686.whl", hash = "sha256:89b8100c6e9bf5a94a86ea09d8a69181b30d6f9b3726541630913a562de73672"},
    {file = "pyEDFlib-0.1.38-cp311-cp311-musllinux_1_2_x86_64.whl", hash = "sha256:af3b12b31d0d8647466f41b9887304c38b45e617b0b25ced7f0a91b739ff0196"},
    {file = "pyEDFlib-0.1.38-cp311-cp311-win32.whl", hash = "sha256:1581a132d94c0bd5d7bb9cf08446faf41e89b8cb6ee1bd9946cc3c08d870db89"},
    {file = "pyEDFlib-0.1.38-cp311-cp311-win_amd64.whl", hash = "sha256:4c045c2161c6c683a13826949032c0eeb4116b2285d92436685222d3e861bfd1"},
    {file = "pyEDFlib-0.1.38-cp312-cp312-macosx_10_9_x86_64.whl", hash = "sha256:3f24bd990f79ce0f1896132b74041cf20986975e9cc5aae8238d3dc45351c0e3"},
    {file = "pyEDFlib-0.1.38-cp312-cp312-macosx_11_0_arm64.whl", hash = "sha256:9b3f55b8bc712d615a9bbac5d47cbc7a737ee64db19436baaf4769b79a9dcab3"},
    {file = "pyEDFlib-0.1.38-cp312-cp312-manylinux_2_17_aarch64.manylinux2014_aarch64.whl", hash = "sha256:b489405e332b875ee253d1a267055d2da2e29a2f38ce7beff891f0bb6edfa615"},
    {file = "pyEDFlib-0.1.38-cp312-cp312-manylinux_2_17_x86_64.manylinux2014_x86_64.whl", hash = "sha256:c8464d6b42c240a19c67fbf02e05011bc055c5b702e9021376987822ece31c05"},
    {file = "pyEDFlib-0.1.38-cp312-cp312-musllinux_1_2_x86_64.whl", hash = "sha256:1bd06e28e67e4ecd623c1db32cdd6cb333c81ab0d247ab51a9be4d62784ad056"},
    {file = "pyEDFlib-0.1.38-cp312-cp312-win32.whl", hash = "sha256:107825562d03e24b4fdfff9eb6d3eccbe6e4229898b1b683e6cac693b5bcb133"},
    {file = "pyEDFlib-0.1.38-cp312-cp312-win_amd64.whl", hash = "sha256:6a49c6bd5e5ca265fec0f00b60e10516d6b6b6ff3e3d4824fd9390e8a922fe6d"},
    {file = "pyEDFlib-0.1.38-cp36-cp36m-macosx_10_9_x86_64.whl", hash = "sha256:9c7dbac3c6857c780b5fb0b0f8f5bbc064997d28ee6a6fec860a78d069a8e304"},
    {file = "pyEDFlib-0.1.38-cp36-cp36m-manylinux_2_17_x86_64.manylinux2014_x86_64.whl", hash = "sha256:755fec5279f6f2fe41561f7065aa5100b1370e28cda15f60977e615fcd22577a"},
    {file = "pyEDFlib-0.1.38-cp36-cp36m-manylinux_2_5_i686.manylinux1_i686.manylinux_2_17_i686.manylinux2014_i686.whl", hash = "sha256:dcfbf7877ad8535dc2fc5f3a771b2ea4552cba32057b2f1bded093203767eb35"},
    {file = "pyEDFlib-0.1.38-cp36-cp36m-musllinux_1_2_i686.whl", hash = "sha256:1624ee681b94632e385a9186ba7b5fbe4becfbfbd43ed74e81cc1fe1f73253c4"},
    {file = "pyEDFlib-0.1.38-cp36-cp36m-musllinux_1_2_x86_64.whl", hash = "sha256:7d7536e38217b6cbab0f9ec80a7fa6314e4cf8f0f69d974e9781f99ba4708ff5"},
    {file = "pyEDFlib-0.1.38-cp36-cp36m-win32.whl", hash = "sha256:3a182a4ab9722a46117ffd46f1efcb266e666d586a3236258ef6e65f57626658"},
    {file = "pyEDFlib-0.1.38-cp36-cp36m-win_amd64.whl", hash = "sha256:9cda2632f2cc9e4b3094e08aeffd619c234335da69d66759f56f13cbade9c0f7"},
    {file = "pyEDFlib-0.1.38-cp37-cp37m-macosx_10_9_x86_64.whl", hash = "sha256:0adbb2d131fac959ee7140b9925322733819e4a60d84fb4f2a4c7f56aa8f2c94"},
    {file = "pyEDFlib-0.1.38-cp37-cp37m-manylinux_2_17_aarch64.manylinux2014_aarch64.whl", hash = "sha256:e650fe1597a0ef01a619d0a5164c5bfb90781ccc963c2f2533bb0c4cb10891ce"},
    {file = "pyEDFlib-0.1.38-cp37-cp37m-manylinux_2_17_x86_64.manylinux2014_x86_64.whl", hash = "sha256:21371686690844da570b4c292428be5cef5f07dd9b5a24d9410be2de0076ead5"},
    {file = "pyEDFlib-0.1.38-cp37-cp37m-manylinux_2_5_i686.manylinux1_i686.manylinux_2_17_i686.manylinux2014_i686.whl", hash = "sha256:8bd68ad7d634bfe34d97a42956cb0c2dbc184b841502d242c6be69debf99d4da"},
    {file = "pyEDFlib-0.1.38-cp37-cp37m-musllinux_1_2_i686.whl", hash = "sha256:0b0859259c9a76e0b240ac9483bfd0bda12c9999f76ffce1619747c3954b346d"},
    {file = "pyEDFlib-0.1.38-cp37-cp37m-musllinux_1_2_x86_64.whl", hash = "sha256:d7897b56d6fb93dcb4442fde35948d02f6003d7f739bed980d21c7f21066687c"},
    {file = "pyEDFlib-0.1.38-cp37-cp37m-win32.whl", hash = "sha256:19f5eb7c28628b7cf966e0a553e7286900d35b01d0b5600cd8aa44e731df2249"},
    {file = "pyEDFlib-0.1.38-cp37-cp37m-win_amd64.whl", hash = "sha256:da053c6e14f3dac16b78c5a3a75d1551bf1b3df73b65c04c7d44ebbd41064dfa"},
    {file = "pyEDFlib-0.1.38-cp38-cp38-macosx_10_9_x86_64.whl", hash = "sha256:8fced328a9e3c90cfa0bec041c681780bffd63a0057bca6cb5def6f402a2dc5f"},
    {file = "pyEDFlib-0.1.38-cp38-cp38-macosx_11_0_arm64.whl", hash = "sha256:3f9566f12a32bbf6ae1a251c671fd714e47a5ed3bd5fa42a4f0c4e96b458a97f"},
    {file = "pyEDFlib-0.1.38-cp38-cp38-manylinux_2_17_aarch64.manylinux2014_aarch64.whl", hash = "sha256:3c34caa7b2752085da09c5689dee1c8f405ff3b81a3053c1c8f6f1c7de35f0b1"},
    {file = "pyEDFlib-0.1.38-cp38-cp38-manylinux_2_17_x86_64.manylinux2014_x86_64.whl", hash = "sha256:55886a301665b5f8f908e8dbcd6f47b748430e7636017c87293516ed2bc07ce5"},
    {file = "pyEDFlib-0.1.38-cp38-cp38-manylinux_2_5_i686.manylinux1_i686.manylinux_2_17_i686.manylinux2014_i686.whl", hash = "sha256:b3fcd854d2d82c3d45cb9c36f6fc7fd17fdc20a9b15858b781e6fb98853a9e87"},
    {file = "pyEDFlib-0.1.38-cp38-cp38-musllinux_1_2_i686.whl", hash = "sha256:4ef60431484671e2fd6b9a7620630c0e1f8955abbbca820a30c40df44c8a1158"},
    {file = "pyEDFlib-0.1.38-cp38-cp38-musllinux_1_2_x86_64.whl", hash = "sha256:7a7e9b73252b72917b3232eb9e748d8f1cadffdc71450b5e1423689a861094bc"},
    {file = "pyEDFlib-0.1.38-cp38-cp38-win32.whl", hash = "sha256:e0259ab0a09b5ed4651149a0d990e3b77bdd5b2e7c7be45728df6c6bd1fe75e3"},
    {file = "pyEDFlib-0.1.38-cp38-cp38-win_amd64.whl", hash = "sha256:01d488d72b394a859a4b3de1ef6d29770e83bcc837f9f87a1a340b3d8bbf6b3a"},
    {file = "pyEDFlib-0.1.38-cp39-cp39-macosx_10_9_x86_64.whl", hash = "sha256:767f5d0e74c033f3a4f093b82549d572e7cfac73542c058b248820a6b734aac9"},
    {file = "pyEDFlib-0.1.38-cp39-cp39-macosx_11_0_arm64.whl", hash = "sha256:9d58a692cad872f2f72bc0d920fed2ecf5da10856f1501c0ed68874846fe5a04"},
    {file = "pyEDFlib-0.1.38-cp39-cp39-manylinux_2_17_aarch64.manylinux2014_aarch64.whl", hash = "sha256:aaf057938e19e87ef72cf04f204df41e288f67885a090d2356a7a18373d5a105"},
    {file = "pyEDFlib-0.1.38-cp39-cp39-manylinux_2_17_x86_64.manylinux2014_x86_64.whl", hash = "sha256:61f9360ef25595ece3c4c7cdb9b0123a09ec3d23c3b1339707fc1b05432899a6"},
    {file = "pyEDFlib-0.1.38-cp39-cp39-manylinux_2_5_i686.manylinux1_i686.manylinux_2_17_i686.manylinux2014_i686.whl", hash = "sha256:a9bf7b8eeca4f273d4ce3c50e8a4d595a8a59e94e2783033511474757e809604"},
    {file = "pyEDFlib-0.1.38-cp39-cp39-musllinux_1_2_i686.whl", hash = "sha256:0b13ad2cb0f6e7628c04164498ac0ee12ae792c0f2a61c479d6093eb8b198488"},
    {file = "pyEDFlib-0.1.38-cp39-cp39-musllinux_1_2_x86_64.whl", hash = "sha256:4f6718a0b7c83e5ca1ad78fd7aecee70df0dfb6b63a354f66effd5d6277b9ecf"},
    {file = "pyEDFlib-0.1.38-cp39-cp39-win32.whl", hash = "sha256:0695960ce011d9efa4c8e36a9ffc05f04144a6104ae32911cf674f805f7b817e"},
    {file = "pyEDFlib-0.1.38-cp39-cp39-win_amd64.whl", hash = "sha256:05d38a182bef6efdedc9e90c1d4a89ece4ee150b047153b1bc66073ec6289e41"},
    {file = "pyedflib-0.1.38.tar.gz", hash = "sha256:6a0fe727ea4cf18de63c6ede43a6c2d151f474aba6ebde0c6f9a5cf09711bbdd"},
]

[package.dependencies]
numpy = ">=1.9.1"

[[package]]
name = "setuptools"
version = "75.3.0"
description = "Easily download, build, install, upgrade, and uninstall Python packages"
optional = false
python-versions = ">=3.8"
files = [
    {file = "setuptools-75.3.0-py3-none-any.whl", hash = "sha256:f2504966861356aa38616760c0f66568e535562374995367b4e69c7143cf6bcd"},
    {file = "setuptools-75.3.0.tar.gz", hash = "sha256:fba5dd4d766e97be1b1681d98712680ae8f2f26d7881245f2ce9e40714f1a686"},
]

[package.extras]
check = ["pytest-checkdocs (>=2.4)", "pytest-ruff (>=0.2.1)", "ruff (>=0.5.2)"]
core = ["importlib-metadata (>=6)", "importlib-resources (>=5.10.2)", "jaraco.collections", "jaraco.functools", "jaraco.text (>=3.7)", "more-itertools", "more-itertools (>=8.8)", "packaging", "packaging (>=24)", "platformdirs (>=4.2.2)", "tomli (>=2.0.1)", "wheel (>=0.43.0)"]
cover = ["pytest-cov"]
doc = ["furo", "jaraco.packaging (>=9.3)", "jaraco.tidelift (>=1.4)", "pygments-github-lexers (==0.0.5)", "pyproject-hooks (!=1.1)", "rst.linker (>=1.9)", "sphinx (>=3.5)", "sphinx-favicon", "sphinx-inline-tabs", "sphinx-lint", "sphinx-notfound-page (>=1,<2)", "sphinx-reredirects", "sphinxcontrib-towncrier", "towncrier (<24.7)"]
enabler = ["pytest-enabler (>=2.2)"]
test = ["build[virtualenv] (>=1.0.3)", "filelock (>=3.4.0)", "ini2toml[lite] (>=0.14)", "jaraco.develop (>=7.21)", "jaraco.envs (>=2.2)", "jaraco.path (>=3.2.0)", "jaraco.test (>=5.5)", "packaging (>=23.2)", "pip (>=19.1)", "pyproject-hooks (!=1.1)", "pytest (>=6,!=8.1.*)", "pytest-home (>=0.5)", "pytest-perf", "pytest-subprocess", "pytest-timeout", "pytest-xdist (>=3)", "tomli-w (>=1.0.0)", "virtualenv (>=13.0.0)", "wheel (>=0.44.0)"]
type = ["importlib-metadata (>=7.0.2)", "jaraco.develop (>=7.21)", "mypy (==1.12.*)", "pytest-mypy"]

[metadata]
lock-version = "2.0"
python-versions = "^3.8"
content-hash = "5b02a69338c2ed5f83b90d6e9b0b85b63354d0a09ebe2d16592b3606cde84b40"
