# This file is automatically @generated by Poetry 1.8.3 and should not be changed by hand.

[[package]]
name = "altgraph"
version = "0.17.4"
description = "Python graph (network) package"
optional = false
python-versions = "*"
files = [
    {file = "altgraph-0.17.4-py2.py3-none-any.whl", hash = "sha256:642743b4750de17e655e6711601b077bc6598dbfa3ba5fa2b2a35ce12b508dff"},
    {file = "altgraph-0.17.4.tar.gz", hash = "sha256:1b5afbb98f6c4dcadb2e2ae6ab9fa994bbb8c1d75f4fa96d340f9437ae454406"},
]

[[package]]
name = "enum34"
version = "1.1.10"
description = "Python 3.4 Enum backported to 3.3, 3.2, 3.1, 2.7, 2.6, 2.5, and 2.4"
optional = false
python-versions = "*"
files = [
    {file = "enum34-1.1.10-py2-none-any.whl", hash = "sha256:a98a201d6de3f2ab3db284e70a33b0f896fbf35f8086594e8c9e74b909058d53"},
    {file = "enum34-1.1.10-py3-none-any.whl", hash = "sha256:c3858660960c984d6ab0ebad691265180da2b43f07e061c0f8dca9ef3cffd328"},
    {file = "enum34-1.1.10.tar.gz", hash = "sha256:cce6a7477ed816bd2542d03d53db9f0db935dd013b70f336a95c73979289f248"},
]

[[package]]
name = "future"
version = "0.16.0"
description = "Clean single-source support for Python 3 and 2"
optional = false
python-versions = "*"
files = [
    {file = "future-0.16.0.tar.gz", hash = "sha256:e39ced1ab767b5936646cedba8bcce582398233d6a627067d4c6a454c90cfedb"},
]

[[package]]
name = "futures"
version = "3.0.5"
description = "Backport of the concurrent.futures package from Python 3.2"
optional = false
python-versions = "*"
files = [
    {file = "futures-3.0.5-py2-none-any.whl", hash = "sha256:f7f16b6bf9653a918a03f1f2c2d62aac0cd64b1bc088e93ea279517f6b61120b"},
    {file = "futures-3.0.5.tar.gz", hash = "sha256:0542525145d5afc984c88f914a0c85c77527f65946617edb5274f72406f981df"},
]

[[package]]
name = "grpcio"
version = "1.41.1"
description = "HTTP/2-based RPC framework"
optional = false
python-versions = "*"
files = [
    {file = "grpcio-1.41.1-cp310-cp310-linux_armv7l.whl", hash = "sha256:ead9885b53777bed4b0694ff0baea9d2c519ff774b17b177bde43d73e2b4aa38"},
    {file = "grpcio-1.41.1-cp310-cp310-macosx_10_10_universal2.whl", hash = "sha256:3b4b7c1ab18283eb64af5648d20eabef9237a2aec09e30a805f18adc9497258d"},
    {file = "grpcio-1.41.1-cp310-cp310-manylinux_2_17_aarch64.whl", hash = "sha256:f68aa98f5970eccb6c94456f3447a99916c42fbddae1971256bc4e7c40a6593b"},
    {file = "grpcio-1.41.1-cp310-cp310-manylinux_2_17_i686.manylinux2014_i686.whl", hash = "sha256:71d9ed5a732a54b9c87764609f2fd2bc4ae72fa85e271038eb132ea723222209"},
    {file = "grpcio-1.41.1-cp310-cp310-manylinux_2_17_x86_64.manylinux2014_x86_64.whl", hash = "sha256:0aa1af3e1480b6dd3092ee67c4b67b1ea88d638fcdc4d1a611ae11e311800b34"},
    {file = "grpcio-1.41.1-cp310-cp310-win32.whl", hash = "sha256:766f1b943abc3e27842b72fba6e28fb9f57c9b84029fd7e91146e4c37034d937"},
    {file = "grpcio-1.41.1-cp310-cp310-win_amd64.whl", hash = "sha256:3713e3918da6ae10812a64e75620a172f01af2ff0a1c99d6481c910e1d4a9053"},
    {file = "grpcio-1.41.1-cp36-cp36m-linux_armv7l.whl", hash = "sha256:3f0b70cf8632028714a8341b841b011a47900b1c163bf5fababb4ab3888c9b6c"},
    {file = "grpcio-1.41.1-cp36-cp36m-macosx_10_10_x86_64.whl", hash = "sha256:8824b36e6b0e45fefe0b4eac5ad460830e0cbc856a0c794f711289b4b8933d53"},
    {file = "grpcio-1.41.1-cp36-cp36m-manylinux2010_i686.whl", hash = "sha256:788154b32bf712e9711d001df024af5f7b2522117876c129bb27b9ad6e5461fb"},
    {file = "grpcio-1.41.1-cp36-cp36m-manylinux2010_x86_64.whl", hash = "sha256:c32c470e077b34a52e87e7de26644ad0f9e9ff89a785ff7e6466870869659e05"},
    {file = "grpcio-1.41.1-cp36-cp36m-manylinux_2_17_aarch64.whl", hash = "sha256:a3bb4302389b23f2006ecaaea5eb4a39cc80ea98d1964159e59c1c20ef39a483"},
    {file = "grpcio-1.41.1-cp36-cp36m-manylinux_2_17_i686.manylinux2014_i686.whl", hash = "sha256:e156ea12adb7a7ca8d8280c9df850c15510b790c785fc26c9a3fb928cd221fd4"},
    {file = "grpcio-1.41.1-cp36-cp36m-manylinux_2_17_x86_64.manylinux2014_x86_64.whl", hash = "sha256:2eb8180a6d9e47fc865a4e92a2678f3202145021ef2c1bccf165fa5744f6ec95"},
    {file = "grpcio-1.41.1-cp36-cp36m-win32.whl", hash = "sha256:888d8519709652dd39415de5f79abd50257201b345dd4f40151feffc3dad3232"},
    {file = "grpcio-1.41.1-cp36-cp36m-win_amd64.whl", hash = "sha256:734690b3f35468f8ed4003ec7622d2d47567f1881f5fcdca34f1e52551c2ef55"},
    {file = "grpcio-1.41.1-cp37-cp37m-linux_armv7l.whl", hash = "sha256:133fb9a3cf4519543e4e41eb18b5dac0da26941aeabca8122dbcf3decbad2d21"},
    {file = "grpcio-1.41.1-cp37-cp37m-macosx_10_10_x86_64.whl", hash = "sha256:a5ac91db3c588296366554b2d91116fc3a9f05bae516cafae07220e1f05bfef7"},
    {file = "grpcio-1.41.1-cp37-cp37m-manylinux2010_i686.whl", hash = "sha256:b8dd1b6456c6fb3681affe0f81dff4b3bc46f825fc05e086d64216545da9ad92"},
    {file = "grpcio-1.41.1-cp37-cp37m-manylinux2010_x86_64.whl", hash = "sha256:9e403d07d77ed4495ad3c18994191525b11274693e72e464241c9139e2f9cd7c"},
    {file = "grpcio-1.41.1-cp37-cp37m-manylinux_2_17_aarch64.whl", hash = "sha256:9d1be99f216b18f8a9dbdfbdbcc9a6caee504d0d27295fdbb5c8da35f5254a69"},
    {file = "grpcio-1.41.1-cp37-cp37m-manylinux_2_17_i686.manylinux2014_i686.whl", hash = "sha256:ebbe9582ef06559a2358827a588ab4b92a2639517de8fe428288772820ab03b5"},
    {file = "grpcio-1.41.1-cp37-cp37m-manylinux_2_17_x86_64.manylinux2014_x86_64.whl", hash = "sha256:fd570720871dc84d2adc8430ce287319c9238d1e2f70c140f9bc54c690fabd1b"},
    {file = "grpcio-1.41.1-cp37-cp37m-win32.whl", hash = "sha256:0c075616d5e86fb65fd4784d5a87d6e5a1882d277dce5c33d9b67cfc71d79899"},
    {file = "grpcio-1.41.1-cp37-cp37m-win_amd64.whl", hash = "sha256:9170b5d2082fc00c057c6ccd6b893033c1ade05717fcec1d63557c3bc7afdb1b"},
    {file = "grpcio-1.41.1-cp38-cp38-linux_armv7l.whl", hash = "sha256:61aa02f4505c5bbbaeba80fef1bd6871d1aef05a8778a707ab91303ee0865ad0"},
    {file = "grpcio-1.41.1-cp38-cp38-macosx_10_10_x86_64.whl", hash = "sha256:d1461672b2eaef9affb60a71014ebd2f789deea7c9acb1d4bd163de92dd8e044"},
    {file = "grpcio-1.41.1-cp38-cp38-manylinux2010_i686.whl", hash = "sha256:c35b847bc6bd3c3a118a13277d91a772e7dd163ce7dd2791239f9941b6eaafe3"},
    {file = "grpcio-1.41.1-cp38-cp38-manylinux2010_x86_64.whl", hash = "sha256:8487fb0649ebebc9c5dca1a6dc4eb7fddf701183426b3eefeb3584639d223d43"},
    {file = "grpcio-1.41.1-cp38-cp38-manylinux_2_17_aarch64.whl", hash = "sha256:6ca497ccecaa8727f14c4ccc9ffb70a19c6413fe1d4650500c90a7febd662860"},
    {file = "grpcio-1.41.1-cp38-cp38-manylinux_2_17_i686.manylinux2014_i686.whl", hash = "sha256:b1232c5efc8a9e4b7a13db235c51135412beb9e62e618a2a89dd0463edb3d929"},
    {file = "grpcio-1.41.1-cp38-cp38-manylinux_2_17_x86_64.manylinux2014_x86_64.whl", hash = "sha256:31a47af7356fb5ed3120636dd75c5efb571ecf15737484119e31286687f0e52a"},
    {file = "grpcio-1.41.1-cp38-cp38-win32.whl", hash = "sha256:7a22a7378ea59ad1e6f2e79f9da6862eb9e1f6586253aee784d419a49e3f4bd9"},
    {file = "grpcio-1.41.1-cp38-cp38-win_amd64.whl", hash = "sha256:32b7ca83f1a6929217098aaaac89fc49879ae714c95501d40df41a0e7506164c"},
    {file = "grpcio-1.41.1-cp39-cp39-linux_armv7l.whl", hash = "sha256:3213dfe3abfc3fda7f30e86aa5967dce0c2eb4cc90a0504f95434091bf6b219a"},
    {file = "grpcio-1.41.1-cp39-cp39-macosx_10_10_x86_64.whl", hash = "sha256:fd11995e3402af0f838844194707da8b3235f1719bcac961493f0138f1325893"},
    {file = "grpcio-1.41.1-cp39-cp39-manylinux2010_i686.whl", hash = "sha256:23a3f03e1d9ac429ff78d23d2ab07756d3728ee1a68b5f244d8435006608b6aa"},
    {file = "grpcio-1.41.1-cp39-cp39-manylinux2010_x86_64.whl", hash = "sha256:fc2eadfb5ec956c556c138fab0dfc1d2395c57ae0bfea047edae1976a26b250c"},
    {file = "grpcio-1.41.1-cp39-cp39-manylinux_2_17_aarch64.whl", hash = "sha256:2a34c8979de10b04a44d2cad07d41d83643e65e49f84a05b1adf150aeb41c95f"},
    {file = "grpcio-1.41.1-cp39-cp39-manylinux_2_17_i686.manylinux2014_i686.whl", hash = "sha256:72d0bdc3605dc8f4187b302e1180643963896e3f2917a52becb51afb54448e3e"},
    {file = "grpcio-1.41.1-cp39-cp39-manylinux_2_17_x86_64.manylinux2014_x86_64.whl", hash = "sha256:740f5b21a7108a8c08bf522434752dc1d306274d47ca8b4d51af5588a16b6113"},
    {file = "grpcio-1.41.1-cp39-cp39-win32.whl", hash = "sha256:2f2ee78a6ae88d668ceda56fa4a18d8a38b34c2f2e1332083dd1da1a92870703"},
    {file = "grpcio-1.41.1-cp39-cp39-win_amd64.whl", hash = "sha256:c3a446b6a1f8077cc03d0d496fc1cecdd3d0b66860c0c5b65cc92d0549117840"},
    {file = "grpcio-1.41.1.tar.gz", hash = "sha256:9b751271b029432a526a4970dc9b70d93eb6f0963b6a841b574f780b72651969"},
]

[package.dependencies]
enum34 = {version = ">=1.0.4", markers = "python_version < \"3.4\""}
futures = {version = ">=2.2.0", markers = "python_version < \"3.2\""}
six = ">=1.5.2"

[package.extras]
protobuf = ["grpcio-tools (>=1.41.1)"]

[[package]]
name = "grpcio-tools"
version = "1.30.0"
description = "Protobuf code generator for gRPC"
optional = false
python-versions = "*"
files = [
    {file = "grpcio-tools-1.30.0.tar.gz", hash = "sha256:7878adb93b0c1941eb2e0bed60719f38cda2ae5568bc0bcaa701f457e719a329"},
    {file = "grpcio_tools-1.30.0-cp27-cp27m-macosx_10_9_x86_64.whl", hash = "sha256:755ccf09cbb16c0516a1e3d8db49ce2a657fd78d0bfc2491cb6520dfa6b43ddc"},
    {file = "grpcio_tools-1.30.0-cp27-cp27m-manylinux2010_i686.whl", hash = "sha256:de1ee76eba242d866fc030d5cc58f90181eb89de9ae30387e6e8d5a11f547981"},
    {file = "grpcio_tools-1.30.0-cp27-cp27m-manylinux2010_x86_64.whl", hash = "sha256:6876271f360248a9cf37e7c2d0f8c3c034be53b3d6a5d015fb5e69a014bf121f"},
    {file = "grpcio_tools-1.30.0-cp27-cp27m-win32.whl", hash = "sha256:3a03757a79ed9cff536bec1394721bbdc279dd59d8c0827101ba80eab894836d"},
    {file = "grpcio_tools-1.30.0-cp27-cp27m-win_amd64.whl", hash = "sha256:5f2b65df9ba3b83141d9a53a841758c97792ce36d7cf2067f657af0b43773c29"},
    {file = "grpcio_tools-1.30.0-cp27-cp27mu-linux_armv7l.whl", hash = "sha256:2ca9b683db30cb29b00eb6a8274e700f8a585c9c8678213ec83f52cd1895eac5"},
    {file = "grpcio_tools-1.30.0-cp27-cp27mu-manylinux2010_i686.whl", hash = "sha256:c3528d8f72fbd8cec8770af6989054a9b945c58bd685042abcbd8d5ea4333f9f"},
    {file = "grpcio_tools-1.30.0-cp27-cp27mu-manylinux2010_x86_64.whl", hash = "sha256:ecdd0fa0fd71a9754bbd75927d391be26c4f0b556563c742780da085aa8d530d"},
    {file = "grpcio_tools-1.30.0-cp35-cp35m-linux_armv7l.whl", hash = "sha256:089be110fc7e853709f68505be508aa055eff96bcb9b138e15f043bdb9d89011"},
    {file = "grpcio_tools-1.30.0-cp35-cp35m-macosx_10_9_intel.whl", hash = "sha256:2df744b0a1b70e80392fba66fb2141f8c88ecd4fff5c46f04e7e4c976fe05339"},
    {file = "grpcio_tools-1.30.0-cp35-cp35m-manylinux2010_i686.whl", hash = "sha256:33d448bfdb65763ae2d4889b3981688dcf805df9b038c73fed12addf7bebd0a4"},
    {file = "grpcio_tools-1.30.0-cp35-cp35m-manylinux2010_x86_64.whl", hash = "sha256:96338008a77fc284443707ebd014bb4114cd97ab529ebd63f157f83cbcb6e88d"},
    {file = "grpcio_tools-1.30.0-cp35-cp35m-win32.whl", hash = "sha256:e82b7d382d525a0649f87fb86a993fdf385b16f15c9c29d15f8da7b9e53dc6ac"},
    {file = "grpcio_tools-1.30.0-cp35-cp35m-win_amd64.whl", hash = "sha256:3454b4332dbe80f0692317d315f34acc086d6c347d3f6527b05a774a5712af84"},
    {file = "grpcio_tools-1.30.0-cp36-cp36m-linux_armv7l.whl", hash = "sha256:62bb395d1d4e077bc1109d248e23af3200429c8e3358d47cf1a6c2ec7a429716"},
    {file = "grpcio_tools-1.30.0-cp36-cp36m-macosx_10_9_x86_64.whl", hash = "sha256:0c78d3b2d46f5b704928dcedc34ec084d765b492781ebeae565ee2adba18ad9a"},
    {file = "grpcio_tools-1.30.0-cp36-cp36m-manylinux2010_i686.whl", hash = "sha256:160c8c1f27bb44629da5e0c1e8e656ca2cda001bfb2fb7e346172933e08dc456"},
    {file = "grpcio_tools-1.30.0-cp36-cp36m-manylinux2010_x86_64.whl", hash = "sha256:296acc97fd54957a2e3a25c28ab667a1e8e7ccc5daf97866e2af0960c63341cb"},
    {file = "grpcio_tools-1.30.0-cp36-cp36m-win32.whl", hash = "sha256:2af37ee55e466d364ca121273c1332e6430c0006c172a490d3594c8cacceb577"},
    {file = "grpcio_tools-1.30.0-cp36-cp36m-win_amd64.whl", hash = "sha256:83cd3231ce1c88fa2c896cab164320245ee371d45ea054375beb5a0cd75ce4da"},
    {file = "grpcio_tools-1.30.0-cp37-cp37m-macosx_10_9_x86_64.whl", hash = "sha256:a4fca9bea2ee4896164f83dde28aaa7407ce27343eb265f41b1122e5c91da6ec"},
    {file = "grpcio_tools-1.30.0-cp37-cp37m-manylinux2010_i686.whl", hash = "sha256:9165773bb93aff153abce255a25ccabb5d94d1103ee195ec60fef127a2c5a035"},
    {file = "grpcio_tools-1.30.0-cp37-cp37m-manylinux2010_x86_64.whl", hash = "sha256:0928912acdf5a9e93fc3c47e37f2c81fc48ed019a40964abe8cbd927d3b2a9cb"},
    {file = "grpcio_tools-1.30.0-cp37-cp37m-win32.whl", hash = "sha256:9af3bcfdceb3a5f89670808a129c2cf4f5d5d0d5018f0e1c7faf58a4d9547f76"},
    {file = "grpcio_tools-1.30.0-cp37-cp37m-win_amd64.whl", hash = "sha256:faa9ae69d1c623da0e65385406c4cfa782966be3cf3bdf2c6faa6f46281a4d49"},
    {file = "grpcio_tools-1.30.0-cp38-cp38-macosx_10_9_x86_64.whl", hash = "sha256:601bd2001ba9e4f2ccdf7b363c436397dcc5211194fe180fa0ad2a21df5a738e"},
    {file = "grpcio_tools-1.30.0-cp38-cp38-manylinux2010_i686.whl", hash = "sha256:7874f5783bdf6afd8f8b6de721952ccc6568cf71fc7dae695a296998cd2cf1d5"},
    {file = "grpcio_tools-1.30.0-cp38-cp38-manylinux2010_x86_64.whl", hash = "sha256:fd61d5492219f59d11d390bc223b937ef80e36aee84218497135226fdf5f41d1"},
    {file = "grpcio_tools-1.30.0-cp38-cp38-win32.whl", hash = "sha256:912dbabb7e29dbc0f4457c214a2cb9738e224553e9d177224ec357c2f295b533"},
    {file = "grpcio_tools-1.30.0-cp38-cp38-win_amd64.whl", hash = "sha256:169c4b218584b071201b01ae2354bf3adf2f7d927b04154825f19b3764394fbf"},
]

[package.dependencies]
grpcio = ">=1.30.0"
protobuf = ">=3.5.0.post1"

[[package]]
name = "joblib"
version = "0.14.1"
description = "Lightweight pipelining: using Python functions as pipeline jobs."
optional = false
python-versions = "*"
files = [
    {file = "joblib-0.14.1-py2.py3-none-any.whl", hash = "sha256:bdb4fd9b72915ffb49fde2229ce482dd7ae79d842ed8c2b4c932441495af1403"},
    {file = "joblib-0.14.1.tar.gz", hash = "sha256:0630eea4f5664c463f23fbf5dcfc54a2bc6168902719fa8e19daf033022786c8"},
]

[[package]]
name = "macholib"
version = "1.16.3"
description = "Mach-O header analysis and editing"
optional = false
python-versions = "*"
files = [
    {file = "macholib-1.16.3-py2.py3-none-any.whl", hash = "sha256:0e315d7583d38b8c77e815b1ecbdbf504a8258d8b3e17b61165c6feb60d18f2c"},
    {file = "macholib-1.16.3.tar.gz", hash = "sha256:07ae9e15e8e4cd9a788013d81f5908b3609aa76f9b1421bae9c4d7606ec86a30"},
]

[package.dependencies]
altgraph = ">=0.17"

[[package]]
name = "numpy"
version = "1.12.1"
description = "NumPy: array processing for numbers, strings, records, and objects."
optional = false
python-versions = "*"
files = [
    {file = "numpy-1.12.1-cp27-cp27m-macosx_10_6_intel.macosx_10_9_intel.macosx_10_9_x86_64.macosx_10_10_intel.macosx_10_10_x86_64.whl", hash = "sha256:3b21dc40fa1e2450dee8cf54991b0f95c415ac508d5db1227338efcf03c162cd"},
    {file = "numpy-1.12.1-cp27-cp27m-manylinux1_i686.whl", hash = "sha256:405ce136edb18c6f1f8c5acc75d7d8fbb875cc8b5015562251b93435099233d3"},
    {file = "numpy-1.12.1-cp27-cp27m-manylinux1_x86_64.whl", hash = "sha256:ca917155b35b3bcc68ef1ad82570a29414f5088495ea8f68c65b071c50e64340"},
    {file = "numpy-1.12.1-cp27-cp27mu-manylinux1_i686.whl", hash = "sha256:7e9015bc5de54c8bd73ca750ccedfda25d34a25a767caf802740d35a692ec3ab"},
    {file = "numpy-1.12.1-cp27-cp27mu-manylinux1_x86_64.whl", hash = "sha256:cd7892f7d644d1b4ed2ead254d4851616c07ecf82618e3203e2a81747ffb6069"},
    {file = "numpy-1.12.1-cp27-none-win32.whl", hash = "sha256:56e68de63ae738f40669b6a5f0601f9453940a0470a1e9bea16448e5b53f5f28"},
    {file = "numpy-1.12.1-cp27-none-win_amd64.whl", hash = "sha256:95e52d1077abeead6d205c1fc644f075228813859bb625960c1ae1248c4189ba"},
    {file = "numpy-1.12.1-cp34-cp34m-macosx_10_6_intel.macosx_10_9_intel.macosx_10_9_x86_64.macosx_10_10_intel.macosx_10_10_x86_64.whl", hash = "sha256:bcbce5ef18dc826ef67756a0d3669baca815c8d44b26867c6865f714a23d9262"},
    {file = "numpy-1.12.1-cp34-cp34m-manylinux1_i686.whl", hash = "sha256:d8dbd7e35e4819e059a044c7545d5602937d6b666dbd9b6eb8ff40037ab0980c"},
    {file = "numpy-1.12.1-cp34-cp34m-manylinux1_x86_64.whl", hash = "sha256:4eac5f2f624c5e7eecbdb51395ff39a099c48cab607a158f16f288c6fe39a2b3"},
    {file = "numpy-1.12.1-cp34-none-win32.whl", hash = "sha256:9cd16915a815c2f04633d14e7640083c1b72e82b325439c91370adfd376c9975"},
    {file = "numpy-1.12.1-cp34-none-win_amd64.whl", hash = "sha256:4c64d9c389827f310c7f4e7887b741c34c6b2c337ff63a12f66ef0197fdf5366"},
    {file = "numpy-1.12.1-cp35-cp35m-macosx_10_6_intel.macosx_10_9_intel.macosx_10_9_x86_64.macosx_10_10_intel.macosx_10_10_x86_64.whl", hash = "sha256:9ce673bb7b6240b94b60b52186f5c0825f4b31e8191c8bc7412a7d0348fca2cd"},
    {file = "numpy-1.12.1-cp35-cp35m-manylinux1_i686.whl", hash = "sha256:130105bfc0b03245115da67b441c48597bf1ed7f5385f8388ce4f75cdf2f91d2"},
    {file = "numpy-1.12.1-cp35-cp35m-manylinux1_x86_64.whl", hash = "sha256:92dce120e385767cbe433719b5e3fdb1ac81907140d3984b3187208f79aff19f"},
    {file = "numpy-1.12.1-cp35-none-win32.whl", hash = "sha256:e97cecd783e8e7e70d18a42f6df7f18be14cbcc82fb9b837b03d072d1401ae53"},
    {file = "numpy-1.12.1-cp35-none-win_amd64.whl", hash = "sha256:818d5a1d5752d09929ce1ba1735366d5acc769a1839386dc91f3ac30cf9faf19"},
    {file = "numpy-1.12.1-cp36-cp36m-macosx_10_6_intel.macosx_10_9_intel.macosx_10_9_x86_64.macosx_10_10_intel.macosx_10_10_x86_64.whl", hash = "sha256:43ccfed0092def52b924e004780517c762f8fce3ececbd3f8e2580ac0538bb5e"},
    {file = "numpy-1.12.1-cp36-cp36m-manylinux1_i686.whl", hash = "sha256:5cb6341fc885b101978328d3c8d51a069a97a00699a30891106ef7dda56a0d30"},
    {file = "numpy-1.12.1-cp36-cp36m-manylinux1_x86_64.whl", hash = "sha256:5dd60892710df0ef654bbf4d1e3cb53ac79845e55a96e4a26dd47218e06d819a"},
    {file = "numpy-1.12.1-cp36-none-win32.whl", hash = "sha256:727d6373355b00b96d9320254a676b878d6cd43ae409186bec27eec3e5e4e6e7"},
    {file = "numpy-1.12.1-cp36-none-win_amd64.whl", hash = "sha256:47b4c4da2fe0618b65fd70987a414fdc24c09e1ffdff77f7147a3c6627b07596"},
    {file = "numpy-1.12.1.zip", hash = "sha256:a65266a4ad6ec8936a1bc85ce51f8600634a31a258b722c9274a80ff189d9542"},
]

[[package]]
name = "pandas"
version = "0.22.0"
description = "Powerful data structures for data analysis, time series,and statistics"
optional = false
python-versions = "*"
files = [
    {file = "pandas-0.22.0-cp27-cp27m-macosx_10_6_intel.macosx_10_9_intel.macosx_10_9_x86_64.macosx_10_10_intel.macosx_10_10_x86_64.whl", hash = "sha256:68ac484e857dcbbd07ea7c6f516cc67f7f143f5313d9bc661470e7f473528882"},
    {file = "pandas-0.22.0-cp27-cp27m-win32.whl", hash = "sha256:06efae5c00b9f4c6e6d3fe1eb52e590ff0ea8e5cb58032c724e04d31c540de53"},
    {file = "pandas-0.22.0-cp27-cp27m-win_amd64.whl", hash = "sha256:02541a4fdd31315f213a5c8e18708abad719ee03eda05f603c4fe973e9b9d770"},
    {file = "pandas-0.22.0-cp27-cp27mu-manylinux1_i686.whl", hash = "sha256:12f2a19d0b0adf31170d98d0e8bcbc59add0965a9b0c65d39e0665400491c0c5"},
    {file = "pandas-0.22.0-cp27-cp27mu-manylinux1_x86_64.whl", hash = "sha256:68b121d13177f5128a4c118bb4f73ba40df28292c038389961aa55ea5a996427"},
    {file = "pandas-0.22.0-cp35-cp35m-macosx_10_6_intel.macosx_10_9_intel.macosx_10_9_x86_64.macosx_10_10_intel.macosx_10_10_x86_64.whl", hash = "sha256:2907f3fe91ca2119ac3c38de6891bbbc83333bfe0d98309768fee28de563ee7a"},
    {file = "pandas-0.22.0-cp35-cp35m-manylinux1_x86_64.whl", hash = "sha256:052a66f58783a59ea38fdfee25de083b107baa81fdbe38fabd169d0f9efce2bf"},
    {file = "pandas-0.22.0-cp35-cp35m-win32.whl", hash = "sha256:244ae0b9e998cfa88452a49b20e29bf582cc7c0e69093876d505aec4f8e1c7fe"},
    {file = "pandas-0.22.0-cp35-cp35m-win_amd64.whl", hash = "sha256:66403162c8b45325a995493bdd78ad4d8be085e527d721dbfa773d56fbba9c88"},
    {file = "pandas-0.22.0-cp36-cp36m-macosx_10_6_intel.macosx_10_9_intel.macosx_10_9_x86_64.macosx_10_10_intel.macosx_10_10_x86_64.whl", hash = "sha256:af0dbac881f6f87acd325415adea0ce8cccf28f5d4ad7a54b6a1e176e2f7bf70"},
    {file = "pandas-0.22.0-cp36-cp36m-manylinux1_i686.whl", hash = "sha256:c2cd884794924687edbaad40d18ac984054d247bb877890932c4d41e3c3aba31"},
    {file = "pandas-0.22.0-cp36-cp36m-manylinux1_x86_64.whl", hash = "sha256:c372db80a5bcb143c9cb254d50f902772c3b093a4f965275197ec2d2184b1e61"},
    {file = "pandas-0.22.0-cp36-cp36m-win32.whl", hash = "sha256:97c8223d42d43d86ca359a57b4702ca0529c6553e83d736e93a5699951f0f8db"},
    {file = "pandas-0.22.0-cp36-cp36m-win_amd64.whl", hash = "sha256:587a9816cc663c958fcff7907c553b73fe196604f990bc98e1b71ebf07e45b44"},
    {file = "pandas-0.22.0.tar.gz", hash = "sha256:44a94091dd71f05922eec661638ec1a35f26d573c119aa2fad964f10a2880e6c"},
]

[package.dependencies]
numpy = ">=1.9.0"
python-dateutil = "*"

[[package]]
name = "patsy"
version = "0.5.6"
description = "A Python package for describing statistical models and for building design matrices."
optional = false
python-versions = "*"
files = [
    {file = "patsy-0.5.6-py2.py3-none-any.whl", hash = "sha256:19056886fd8fa71863fa32f0eb090267f21fb74be00f19f5c70b2e9d76c883c6"},
    {file = "patsy-0.5.6.tar.gz", hash = "sha256:95c6d47a7222535f84bff7f63d7303f2e297747a598db89cf5c67f0c0c7d2cdb"},
]

[package.dependencies]
numpy = ">=1.4"
six = "*"

[package.extras]
test = ["pytest", "pytest-cov", "scipy"]

[[package]]
name = "pefile"
version = "2019.4.18"
description = "Python PE parsing module"
optional = false
python-versions = "*"
files = [
    {file = "pefile-2019.4.18.tar.gz", hash = "sha256:a5d6e8305c6b210849b47a6174ddf9c452b2888340b8177874b862ba6c207645"},
]

[package.dependencies]
future = "*"

[[package]]
name = "pika"
version = "1.2.0"
description = "Pika Python AMQP Client Library"
optional = false
python-versions = "*"
files = [
    {file = "pika-1.2.0-py2.py3-none-any.whl", hash = "sha256:59da6701da1aeaf7e5e93bb521cc03129867f6e54b7dd352c4b3ecb2bd7ec624"},
    {file = "pika-1.2.0.tar.gz", hash = "sha256:f023d6ac581086b124190cb3dc81dd581a149d216fa4540ac34f9be1e3970b89"},
]

[package.extras]
gevent = ["gevent"]
tornado = ["tornado"]
twisted = ["twisted"]

[[package]]
name = "protobuf"
version = "3.17.3"
description = "Protocol Buffers"
optional = false
python-versions = "*"
files = [
    {file = "protobuf-3.17.3-cp27-cp27m-macosx_10_9_x86_64.whl", hash = "sha256:ab6bb0e270c6c58e7ff4345b3a803cc59dbee19ddf77a4719c5b635f1d547aa8"},
    {file = "protobuf-3.17.3-cp27-cp27mu-manylinux_2_5_x86_64.manylinux1_x86_64.whl", hash = "sha256:13ee7be3c2d9a5d2b42a1030976f760f28755fcf5863c55b1460fd205e6cd637"},
    {file = "protobuf-3.17.3-cp35-cp35m-macosx_10_9_intel.whl", hash = "sha256:1556a1049ccec58c7855a78d27e5c6e70e95103b32de9142bae0576e9200a1b0"},
    {file = "protobuf-3.17.3-cp35-cp35m-manylinux_2_5_x86_64.manylinux1_x86_64.whl", hash = "sha256:f0e59430ee953184a703a324b8ec52f571c6c4259d496a19d1cabcdc19dabc62"},
    {file = "protobuf-3.17.3-cp35-cp35m-win32.whl", hash = "sha256:a981222367fb4210a10a929ad5983ae93bd5a050a0824fc35d6371c07b78caf6"},
    {file = "protobuf-3.17.3-cp35-cp35m-win_amd64.whl", hash = "sha256:6d847c59963c03fd7a0cd7c488cadfa10cda4fff34d8bc8cba92935a91b7a037"},
    {file = "protobuf-3.17.3-cp36-cp36m-macosx_10_9_x86_64.whl", hash = "sha256:145ce0af55c4259ca74993ddab3479c78af064002ec8227beb3d944405123c71"},
    {file = "protobuf-3.17.3-cp36-cp36m-manylinux_2_5_x86_64.manylinux1_x86_64.whl", hash = "sha256:6ce4d8bf0321e7b2d4395e253f8002a1a5ffbcfd7bcc0a6ba46712c07d47d0b4"},
    {file = "protobuf-3.17.3-cp36-cp36m-win32.whl", hash = "sha256:7a4c97961e9e5b03a56f9a6c82742ed55375c4a25f2692b625d4087d02ed31b9"},
    {file = "protobuf-3.17.3-cp36-cp36m-win_amd64.whl", hash = "sha256:a22b3a0dbac6544dacbafd4c5f6a29e389a50e3b193e2c70dae6bbf7930f651d"},
    {file = "protobuf-3.17.3-cp37-cp37m-macosx_10_9_x86_64.whl", hash = "sha256:ffea251f5cd3c0b9b43c7a7a912777e0bc86263436a87c2555242a348817221b"},
    {file = "protobuf-3.17.3-cp37-cp37m-manylinux2014_aarch64.whl", hash = "sha256:9b7a5c1022e0fa0dbde7fd03682d07d14624ad870ae52054849d8960f04bc764"},
    {file = "protobuf-3.17.3-cp37-cp37m-manylinux_2_5_x86_64.manylinux1_x86_64.whl", hash = "sha256:8727ee027157516e2c311f218ebf2260a18088ffb2d29473e82add217d196b1c"},
    {file = "protobuf-3.17.3-cp37-cp37m-win32.whl", hash = "sha256:14c1c9377a7ffbeaccd4722ab0aa900091f52b516ad89c4b0c3bb0a4af903ba5"},
    {file = "protobuf-3.17.3-cp37-cp37m-win_amd64.whl", hash = "sha256:c56c050a947186ba51de4f94ab441d7f04fcd44c56df6e922369cc2e1a92d683"},
    {file = "protobuf-3.17.3-cp38-cp38-macosx_10_9_x86_64.whl", hash = "sha256:2ae692bb6d1992afb6b74348e7bb648a75bb0d3565a3f5eea5bec8f62bd06d87"},
    {file = "protobuf-3.17.3-cp38-cp38-manylinux2014_aarch64.whl", hash = "sha256:99938f2a2d7ca6563c0ade0c5ca8982264c484fdecf418bd68e880a7ab5730b1"},
    {file = "protobuf-3.17.3-cp38-cp38-manylinux_2_5_x86_64.manylinux1_x86_64.whl", hash = "sha256:6902a1e4b7a319ec611a7345ff81b6b004b36b0d2196ce7a748b3493da3d226d"},
    {file = "protobuf-3.17.3-cp38-cp38-win32.whl", hash = "sha256:59e5cf6b737c3a376932fbfb869043415f7c16a0cf176ab30a5bbc419cd709c1"},
    {file = "protobuf-3.17.3-cp38-cp38-win_amd64.whl", hash = "sha256:ebcb546f10069b56dc2e3da35e003a02076aaa377caf8530fe9789570984a8d2"},
    {file = "protobuf-3.17.3-cp39-cp39-macosx_10_9_x86_64.whl", hash = "sha256:4ffbd23640bb7403574f7aff8368e2aeb2ec9a5c6306580be48ac59a6bac8bde"},
    {file = "protobuf-3.17.3-cp39-cp39-manylinux2014_aarch64.whl", hash = "sha256:26010f693b675ff5a1d0e1bdb17689b8b716a18709113288fead438703d45539"},
    {file = "protobuf-3.17.3-cp39-cp39-manylinux_2_5_x86_64.manylinux1_x86_64.whl", hash = "sha256:e76d9686e088fece2450dbc7ee905f9be904e427341d289acbe9ad00b78ebd47"},
    {file = "protobuf-3.17.3-cp39-cp39-win32.whl", hash = "sha256:a38bac25f51c93e4be4092c88b2568b9f407c27217d3dd23c7a57fa522a17554"},
    {file = "protobuf-3.17.3-cp39-cp39-win_amd64.whl", hash = "sha256:85d6303e4adade2827e43c2b54114d9a6ea547b671cb63fafd5011dc47d0e13d"},
    {file = "protobuf-3.17.3-py2.py3-none-any.whl", hash = "sha256:2bfb815216a9cd9faec52b16fd2bfa68437a44b67c56bee59bc3926522ecb04e"},
    {file = "protobuf-3.17.3.tar.gz", hash = "sha256:72804ea5eaa9c22a090d2803813e280fb273b62d5ae497aaf3553d141c4fdd7b"},
]

[package.dependencies]
six = ">=1.9"

[[package]]
name = "pyedflib"
version = "0.1.38"
description = "library to read/write EDF+/BDF+ files"
optional = false
python-versions = "*"
files = [
    {file = "pyEDFlib-0.1.38-cp310-cp310-macosx_10_9_x86_64.whl", hash = "sha256:9b8e8b92d697f31c30d30b505e56b518d9f53a8d3372fdc74feeb0388ac8c319"},
    {file = "pyEDFlib-0.1.38-cp310-cp310-macosx_11_0_arm64.whl", hash = "sha256:2e851a344946752abaf9811a9cb3bc13f0d9cd08725c9871daee4e500babbee7"},
    {file = "pyEDFlib-0.1.38-cp310-cp310-manylinux_2_17_aarch64.manylinux2014_aarch64.whl", hash = "sha256:3dec3668f247d186b67a43764411f2f5f989968d1e4cce5b5bb50dcb068c7166"},
    {file = "pyEDFlib-0.1.38-cp310-cp310-manylinux_2_17_x86_64.manylinux2014_x86_64.whl", hash = "sha256:b9ec363d2549351e67046df6319468c1c4ef48120ed1d62c214de40a04a62b2b"},
    {file = "pyEDFlib-0.1.38-cp310-cp310-manylinux_2_5_i686.manylinux1_i686.manylinux_2_17_i686.manylinux2014_i686.whl", hash = "sha256:a4091585e38ce3a5ff8f5ec9b917fc3deb0787bc122cfd52bf40cf7e61ff10ec"},
    {file = "pyEDFlib-0.1.38-cp310-cp310-musllinux_1_2_i686.whl", hash = "sha256:49cd5a8d8a9c0f2e21fe74ca6eca420617383d163f79142d34ff4c790a1faf49"},
    {file = "pyEDFlib-0.1.38-cp310-cp310-musllinux_1_2_x86_64.whl", hash = "sha256:47e037bc273f76bd6e7ab6284917a958797db6880933b21f11a23d7f076b250f"},
    {file = "pyEDFlib-0.1.38-cp310-cp310-win32.whl", hash = "sha256:87cfaab20b67689965af98750b4427b8d5f5832967ad511e28c33a25122000e0"},
    {file = "pyEDFlib-0.1.38-cp310-cp310-win_amd64.whl", hash = "sha256:99c2f5382def5d3b0a7990c72ae219ccbd404b30a59f6ee08adabc1677e5605a"},
    {file = "pyEDFlib-0.1.38-cp311-cp311-macosx_10_9_x86_64.whl", hash = "sha256:3055460e7b8f4bfb5e950ba5032017006654cfbc44ee2c9bd0a1cf966d2f9dde"},
    {file = "pyEDFlib-0.1.38-cp311-cp311-macosx_11_0_arm64.whl", hash = "sha256:865fcbb658925b2f971672d8aef6c0482abee340988e75f4d16815aa8ee0a0bf"},
    {file = "pyEDFlib-0.1.38-cp311-cp311-manylinux_2_17_aarch64.manylinux2014_aarch64.whl", hash = "sha256:549cb7188235a41ccd9b1f2acbe614739d5ad01d05bb1d28c750205c2a44c4dd"},
    {file = "pyEDFlib-0.1.38-cp311-cp311-manylinux_2_17_x86_64.manylinux2014_x86_64.whl", hash = "sha256:7a44ac4ddf9c75116b3d60955a6ef70c2d31f7028c5b60aad11cb4bc6ea0a82c"},
    {file = "pyEDFlib-0.1.38-cp311-cp311-manylinux_2_5_i686.manylinux1_i686.manylinux_2_17_i686.manylinux2014_i686.whl", hash = "sha256:e4d96733cdf24bf738c9bee2398bff3c566ababe60441a24fb15d4af39939140"},
    {file = "pyEDFlib-0.1.38-cp311-cp311-musllinux_1_2_i686.whl", hash = "sha256:89b8100c6e9bf5a94a86ea09d8a69181b30d6f9b3726541630913a562de73672"},
    {file = "pyEDFlib-0.1.38-cp311-cp311-musllinux_1_2_x86_64.whl", hash = "sha256:af3b12b31d0d8647466f41b9887304c38b45e617b0b25ced7f0a91b739ff0196"},
    {file = "pyEDFlib-0.1.38-cp311-cp311-win32.whl", hash = "sha256:1581a132d94c0bd5d7bb9cf08446faf41e89b8cb6ee1bd9946cc3c08d870db89"},
    {file = "pyEDFlib-0.1.38-cp311-cp311-win_amd64.whl", hash = "sha256:4c045c2161c6c683a13826949032c0eeb4116b2285d92436685222d3e861bfd1"},
    {file = "pyEDFlib-0.1.38-cp312-cp312-macosx_10_9_x86_64.whl", hash = "sha256:3f24bd990f79ce0f1896132b74041cf20986975e9cc5aae8238d3dc45351c0e3"},
    {file = "pyEDFlib-0.1.38-cp312-cp312-macosx_11_0_arm64.whl", hash = "sha256:9b3f55b8bc712d615a9bbac5d47cbc7a737ee64db19436baaf4769b79a9dcab3"},
    {file = "pyEDFlib-0.1.38-cp312-cp312-manylinux_2_17_aarch64.manylinux2014_aarch64.whl", hash = "sha256:b489405e332b875ee253d1a267055d2da2e29a2f38ce7beff891f0bb6edfa615"},
    {file = "pyEDFlib-0.1.38-cp312-cp312-manylinux_2_17_x86_64.manylinux2014_x86_64.whl", hash = "sha256:c8464d6b42c240a19c67fbf02e05011bc055c5b702e9021376987822ece31c05"},
    {file = "pyEDFlib-0.1.38-cp312-cp312-musllinux_1_2_x86_64.whl", hash = "sha256:1bd06e28e67e4ecd623c1db32cdd6cb333c81ab0d247ab51a9be4d62784ad056"},
    {file = "pyEDFlib-0.1.38-cp312-cp312-win32.whl", hash = "sha256:107825562d03e24b4fdfff9eb6d3eccbe6e4229898b1b683e6cac693b5bcb133"},
    {file = "pyEDFlib-0.1.38-cp312-cp312-win_amd64.whl", hash = "sha256:6a49c6bd5e5ca265fec0f00b60e10516d6b6b6ff3e3d4824fd9390e8a922fe6d"},
    {file = "pyEDFlib-0.1.38-cp36-cp36m-macosx_10_9_x86_64.whl", hash = "sha256:9c7dbac3c6857c780b5fb0b0f8f5bbc064997d28ee6a6fec860a78d069a8e304"},
    {file = "pyEDFlib-0.1.38-cp36-cp36m-manylinux_2_17_x86_64.manylinux2014_x86_64.whl", hash = "sha256:755fec5279f6f2fe41561f7065aa5100b1370e28cda15f60977e615fcd22577a"},
    {file = "pyEDFlib-0.1.38-cp36-cp36m-manylinux_2_5_i686.manylinux1_i686.manylinux_2_17_i686.manylinux2014_i686.whl", hash = "sha256:dcfbf7877ad8535dc2fc5f3a771b2ea4552cba32057b2f1bded093203767eb35"},
    {file = "pyEDFlib-0.1.38-cp36-cp36m-musllinux_1_2_i686.whl", hash = "sha256:1624ee681b94632e385a9186ba7b5fbe4becfbfbd43ed74e81cc1fe1f73253c4"},
    {file = "pyEDFlib-0.1.38-cp36-cp36m-musllinux_1_2_x86_64.whl", hash = "sha256:7d7536e38217b6cbab0f9ec80a7fa6314e4cf8f0f69d974e9781f99ba4708ff5"},
    {file = "pyEDFlib-0.1.38-cp36-cp36m-win32.whl", hash = "sha256:3a182a4ab9722a46117ffd46f1efcb266e666d586a3236258ef6e65f57626658"},
    {file = "pyEDFlib-0.1.38-cp36-cp36m-win_amd64.whl", hash = "sha256:9cda2632f2cc9e4b3094e08aeffd619c234335da69d66759f56f13cbade9c0f7"},
    {file = "pyEDFlib-0.1.38-cp37-cp37m-macosx_10_9_x86_64.whl", hash = "sha256:0adbb2d131fac959ee7140b9925322733819e4a60d84fb4f2a4c7f56aa8f2c94"},
    {file = "pyEDFlib-0.1.38-cp37-cp37m-manylinux_2_17_aarch64.manylinux2014_aarch64.whl", hash = "sha256:e650fe1597a0ef01a619d0a5164c5bfb90781ccc963c2f2533bb0c4cb10891ce"},
    {file = "pyEDFlib-0.1.38-cp37-cp37m-manylinux_2_17_x86_64.manylinux2014_x86_64.whl", hash = "sha256:21371686690844da570b4c292428be5cef5f07dd9b5a24d9410be2de0076ead5"},
    {file = "pyEDFlib-0.1.38-cp37-cp37m-manylinux_2_5_i686.manylinux1_i686.manylinux_2_17_i686.manylinux2014_i686.whl", hash = "sha256:8bd68ad7d634bfe34d97a42956cb0c2dbc184b841502d242c6be69debf99d4da"},
    {file = "pyEDFlib-0.1.38-cp37-cp37m-musllinux_1_2_i686.whl", hash = "sha256:0b0859259c9a76e0b240ac9483bfd0bda12c9999f76ffce1619747c3954b346d"},
    {file = "pyEDFlib-0.1.38-cp37-cp37m-musllinux_1_2_x86_64.whl", hash = "sha256:d7897b56d6fb93dcb4442fde35948d02f6003d7f739bed980d21c7f21066687c"},
    {file = "pyEDFlib-0.1.38-cp37-cp37m-win32.whl", hash = "sha256:19f5eb7c28628b7cf966e0a553e7286900d35b01d0b5600cd8aa44e731df2249"},
    {file = "pyEDFlib-0.1.38-cp37-cp37m-win_amd64.whl", hash = "sha256:da053c6e14f3dac16b78c5a3a75d1551bf1b3df73b65c04c7d44ebbd41064dfa"},
    {file = "pyEDFlib-0.1.38-cp38-cp38-macosx_10_9_x86_64.whl", hash = "sha256:8fced328a9e3c90cfa0bec041c681780bffd63a0057bca6cb5def6f402a2dc5f"},
    {file = "pyEDFlib-0.1.38-cp38-cp38-macosx_11_0_arm64.whl", hash = "sha256:3f9566f12a32bbf6ae1a251c671fd714e47a5ed3bd5fa42a4f0c4e96b458a97f"},
    {file = "pyEDFlib-0.1.38-cp38-cp38-manylinux_2_17_aarch64.manylinux2014_aarch64.whl", hash = "sha256:3c34caa7b2752085da09c5689dee1c8f405ff3b81a3053c1c8f6f1c7de35f0b1"},
    {file = "pyEDFlib-0.1.38-cp38-cp38-manylinux_2_17_x86_64.manylinux2014_x86_64.whl", hash = "sha256:55886a301665b5f8f908e8dbcd6f47b748430e7636017c87293516ed2bc07ce5"},
    {file = "pyEDFlib-0.1.38-cp38-cp38-manylinux_2_5_i686.manylinux1_i686.manylinux_2_17_i686.manylinux2014_i686.whl", hash = "sha256:b3fcd854d2d82c3d45cb9c36f6fc7fd17fdc20a9b15858b781e6fb98853a9e87"},
    {file = "pyEDFlib-0.1.38-cp38-cp38-musllinux_1_2_i686.whl", hash = "sha256:4ef60431484671e2fd6b9a7620630c0e1f8955abbbca820a30c40df44c8a1158"},
    {file = "pyEDFlib-0.1.38-cp38-cp38-musllinux_1_2_x86_64.whl", hash = "sha256:7a7e9b73252b72917b3232eb9e748d8f1cadffdc71450b5e1423689a861094bc"},
    {file = "pyEDFlib-0.1.38-cp38-cp38-win32.whl", hash = "sha256:e0259ab0a09b5ed4651149a0d990e3b77bdd5b2e7c7be45728df6c6bd1fe75e3"},
    {file = "pyEDFlib-0.1.38-cp38-cp38-win_amd64.whl", hash = "sha256:01d488d72b394a859a4b3de1ef6d29770e83bcc837f9f87a1a340b3d8bbf6b3a"},
    {file = "pyEDFlib-0.1.38-cp39-cp39-macosx_10_9_x86_64.whl", hash = "sha256:767f5d0e74c033f3a4f093b82549d572e7cfac73542c058b248820a6b734aac9"},
    {file = "pyEDFlib-0.1.38-cp39-cp39-macosx_11_0_arm64.whl", hash = "sha256:9d58a692cad872f2f72bc0d920fed2ecf5da10856f1501c0ed68874846fe5a04"},
    {file = "pyEDFlib-0.1.38-cp39-cp39-manylinux_2_17_aarch64.manylinux2014_aarch64.whl", hash = "sha256:aaf057938e19e87ef72cf04f204df41e288f67885a090d2356a7a18373d5a105"},
    {file = "pyEDFlib-0.1.38-cp39-cp39-manylinux_2_17_x86_64.manylinux2014_x86_64.whl", hash = "sha256:61f9360ef25595ece3c4c7cdb9b0123a09ec3d23c3b1339707fc1b05432899a6"},
    {file = "pyEDFlib-0.1.38-cp39-cp39-manylinux_2_5_i686.manylinux1_i686.manylinux_2_17_i686.manylinux2014_i686.whl", hash = "sha256:a9bf7b8eeca4f273d4ce3c50e8a4d595a8a59e94e2783033511474757e809604"},
    {file = "pyEDFlib-0.1.38-cp39-cp39-musllinux_1_2_i686.whl", hash = "sha256:0b13ad2cb0f6e7628c04164498ac0ee12ae792c0f2a61c479d6093eb8b198488"},
    {file = "pyEDFlib-0.1.38-cp39-cp39-musllinux_1_2_x86_64.whl", hash = "sha256:4f6718a0b7c83e5ca1ad78fd7aecee70df0dfb6b63a354f66effd5d6277b9ecf"},
    {file = "pyEDFlib-0.1.38-cp39-cp39-win32.whl", hash = "sha256:0695960ce011d9efa4c8e36a9ffc05f04144a6104ae32911cf674f805f7b817e"},
    {file = "pyEDFlib-0.1.38-cp39-cp39-win_amd64.whl", hash = "sha256:05d38a182bef6efdedc9e90c1d4a89ece4ee150b047153b1bc66073ec6289e41"},
    {file = "pyedflib-0.1.38.tar.gz", hash = "sha256:6a0fe727ea4cf18de63c6ede43a6c2d151f474aba6ebde0c6f9a5cf09711bbdd"},
]

[package.dependencies]
numpy = ">=1.9.1"

[[package]]
name = "pyinstaller"
version = "4.1"
description = "PyInstaller bundles a Python application and all its dependencies into a single package."
optional = false
python-versions = "*"
files = [
    {file = "pyinstaller-4.1.tar.gz", hash = "sha256:954ae81de9a4bc096ff02433b3e245b9272fe53f27cac319e71fe7540952bd3d"},
]

[package.dependencies]
altgraph = "*"
macholib = {version = ">=1.8", markers = "sys_platform == \"darwin\""}
pefile = {version = ">=2017.8.1", markers = "sys_platform == \"win32\""}
pyinstaller-hooks-contrib = ">=2020.6"
pywin32-ctypes = {version = ">=0.2.0", markers = "sys_platform == \"win32\""}
setuptools = "*"

[package.extras]
encryption = ["tinyaes (>=1.0.0)"]
hook-testing = ["execnet (>=1.5.0)", "psutil", "pytest (>=2.7.3)"]

[[package]]
name = "pyinstaller-hooks-contrib"
version = "2022.0"
description = "Community maintained hooks for PyInstaller"
optional = false
python-versions = "*"
files = [
    {file = "pyinstaller-hooks-contrib-2022.0.tar.gz", hash = "sha256:61b667f51b2525377fae30793f38fd9752a08032c72b209effabf707c840cc38"},
    {file = "pyinstaller_hooks_contrib-2022.0-py2.py3-none-any.whl", hash = "sha256:29f0bd8fbb2ff6f2df60a0c147e5b5ad65ae5c1a982d90641a5f712de03fa161"},
]

[[package]]
name = "python-dateutil"
version = "2.6.1"
description = "Extensions to the standard Python datetime module"
optional = false
python-versions = "*"
files = [
    {file = "python-dateutil-2.6.1.tar.gz", hash = "sha256:891c38b2a02f5bb1be3e4793866c8df49c7d19baabf9c1bad62547e0b4866aca"},
    {file = "python_dateutil-2.6.1-py2.py3-none-any.whl", hash = "sha256:95511bae634d69bc7329ba55e646499a842bc4ec342ad54a8cdb65645a0aad3c"},
]

[package.dependencies]
six = ">=1.5"

[[package]]
name = "pywin32-ctypes"
version = "0.2.0"
description = ""
optional = false
python-versions = "*"
files = [
    {file = "pywin32-ctypes-0.2.0.tar.gz", hash = "sha256:24ffc3b341d457d48e8922352130cf2644024a4ff09762a2261fd34c36ee5942"},
    {file = "pywin32_ctypes-0.2.0-py2.py3-none-any.whl", hash = "sha256:9dc2d991b3479cc2df15930958b674a48a227d5361d413827a4cfd0b5876fc98"},
]

[[package]]
name = "scikit-learn"
version = "0.21.0"
description = "A set of python modules for machine learning and data mining"
optional = false
python-versions = "*"
files = [
    {file = "scikit_learn-0.21.0-cp35-cp35m-macosx_10_6_intel.macosx_10_9_intel.macosx_10_9_x86_64.macosx_10_10_intel.macosx_10_10_x86_64.whl", hash = "sha256:d2beb434bc8c5970372f391ced4480eb01ed46ac36d99684ec5da27500de50bc"},
    {file = "scikit_learn-0.21.0-cp35-cp35m-manylinux1_i686.whl", hash = "sha256:8447c5da132a0912679ec4e589547e83c42dc7979df2b1fd042c7638dcd002d5"},
    {file = "scikit_learn-0.21.0-cp35-cp35m-manylinux1_x86_64.whl", hash = "sha256:e6e46f5c0bf8a5666aa2656b9bbd630a07b3607bece116baccb548c8331dd9e0"},
    {file = "scikit_learn-0.21.0-cp35-cp35m-win32.whl", hash = "sha256:f0ca67c81bf9abf65b5e8990854739b61d8f9d5d6c8e0b7477524dbbf03cb435"},
    {file = "scikit_learn-0.21.0-cp35-cp35m-win_amd64.whl", hash = "sha256:8ff36dc5e0488f345a65ad514a6d9026bf1ec509f66d09d605acfdb61e8fbefa"},
    {file = "scikit_learn-0.21.0-cp36-cp36m-macosx_10_6_intel.macosx_10_9_intel.macosx_10_9_x86_64.macosx_10_10_intel.macosx_10_10_x86_64.whl", hash = "sha256:2244785eb38f81c4c640d6e46594d950a92f6cc14351ba4926ed9351e6c16e3a"},
    {file = "scikit_learn-0.21.0-cp36-cp36m-manylinux1_i686.whl", hash = "sha256:9a637d61645f9319caf6a9659b37c3e66110465e4455085fba804dfabc121518"},
    {file = "scikit_learn-0.21.0-cp36-cp36m-manylinux1_x86_64.whl", hash = "sha256:7afd99f1fa3daa67ecef97466b38b607bc6b7f611980687b444889a64ab55bff"},
    {file = "scikit_learn-0.21.0-cp36-cp36m-win32.whl", hash = "sha256:5fc9a555752185e5698cfadfbedf75eae89887c2a8fc842d3976a2251ca53f49"},
    {file = "scikit_learn-0.21.0-cp36-cp36m-win_amd64.whl", hash = "sha256:d46ce509c5be72bf15bdfc1faead1df681fa1cb0aa13468d53964941cd80add4"},
    {file = "scikit_learn-0.21.0-cp37-cp37m-macosx_10_6_intel.macosx_10_9_intel.macosx_10_9_x86_64.macosx_10_10_intel.macosx_10_10_x86_64.whl", hash = "sha256:2ae8b0e40fb044844b02af9d348bc1a2254b3f7b94151cc197536e1211b9280b"},
    {file = "scikit_learn-0.21.0-cp37-cp37m-manylinux1_i686.whl", hash = "sha256:1a6e69128d1fe413a5722404756c62aac21d2f8a523beb57912afffc3640a75f"},
    {file = "scikit_learn-0.21.0-cp37-cp37m-manylinux1_x86_64.whl", hash = "sha256:ad1f354246148f7d054602704b6eb9b8437c09614629562789dce8ae808a63cb"},
    {file = "scikit_learn-0.21.0-cp37-cp37m-win32.whl", hash = "sha256:4e39608650180d879b17fd7b47b1311f06a45630a8568173c1a22233b2dbbc73"},
    {file = "scikit_learn-0.21.0-cp37-cp37m-win_amd64.whl", hash = "sha256:615e2e953cae5b99530d0fc46c0227101956c7f33a99f78f237aba92f2a571b7"},
]

[package.dependencies]
joblib = ">=0.11"
numpy = ">=1.11.0"
scipy = ">=0.17.0"

[package.extras]
alldeps = ["numpy (>=1.11.0)", "scipy (>=0.17.0)"]

[[package]]
name = "scipy"
version = "0.19.1"
description = "SciPy: Scientific Library for Python"
optional = false
python-versions = "*"
files = [
    {file = "scipy-0.19.1-cp27-cp27m-macosx_10_6_intel.macosx_10_9_intel.macosx_10_9_x86_64.macosx_10_10_intel.macosx_10_10_x86_64.whl", hash = "sha256:1e8fedf602859b541ebae78667ccfc53158edef58d9ee19ee659309004565952"},
    {file = "scipy-0.19.1-cp27-cp27m-manylinux1_i686.whl", hash = "sha256:023ee29faa76c184a607e21076f097dc32f3abba7c71ece374588f95920aa993"},
    {file = "scipy-0.19.1-cp27-cp27m-manylinux1_x86_64.whl", hash = "sha256:2a26d06a642e3c9107ca06df125f5dc5507abe2b87fd7865415d03ab654b0b43"},
    {file = "scipy-0.19.1-cp27-cp27mu-manylinux1_i686.whl", hash = "sha256:b3e97be2cd9f052d984fc5ba2d441897971b744c64d658617944c47bc366f8ff"},
    {file = "scipy-0.19.1-cp27-cp27mu-manylinux1_x86_64.whl", hash = "sha256:78713101b32af384c564837fd7ae665a2a72cb6d49edbd8f32148d74724a65a8"},
    {file = "scipy-0.19.1-cp34-cp34m-macosx_10_6_intel.macosx_10_9_intel.macosx_10_9_x86_64.macosx_10_10_intel.macosx_10_10_x86_64.whl", hash = "sha256:2c9e87d556b83a8e11de7a064856c3997bbaff7f9cf62bf63ff0623751549e4c"},
    {file = "scipy-0.19.1-cp34-cp34m-manylinux1_i686.whl", hash = "sha256:b87a923ed390ba0aafcbbcc6f0e023d495f19d2bd22ae59bdef3b0aec6485b39"},
    {file = "scipy-0.19.1-cp34-cp34m-manylinux1_x86_64.whl", hash = "sha256:2dc9bcfaa585d9d941fb1add0d160556fe8587c3800264a77643695565a2d279"},
    {file = "scipy-0.19.1-cp35-cp35m-macosx_10_6_intel.macosx_10_9_intel.macosx_10_9_x86_64.macosx_10_10_intel.macosx_10_10_x86_64.whl", hash = "sha256:93825cc80c638d901099f657dfff852ad2421beb51cb7d1d3f91157741ebe287"},
    {file = "scipy-0.19.1-cp35-cp35m-manylinux1_i686.whl", hash = "sha256:4118647273c907ed984da52b71fa2bbb30229f1820fb79b1ed087c8bc9a20cca"},
    {file = "scipy-0.19.1-cp35-cp35m-manylinux1_x86_64.whl", hash = "sha256:4c26ef44e8bb2cd2aef11c60d163caa04670d6f42996789b209526677310ded2"},
    {file = "scipy-0.19.1-cp36-cp36m-macosx_10_6_intel.macosx_10_9_intel.macosx_10_9_x86_64.macosx_10_10_intel.macosx_10_10_x86_64.whl", hash = "sha256:2a3b6ceadbb58d8b8d4a329f8219f9e6f17757ec6c85baf03987bbd2b728c263"},
    {file = "scipy-0.19.1-cp36-cp36m-manylinux1_i686.whl", hash = "sha256:909be30bdd1d8cd57609760ea72a1499543169ed6ea5c66fad50946582682cf8"},
    {file = "scipy-0.19.1-cp36-cp36m-manylinux1_x86_64.whl", hash = "sha256:4de84e3870228e8afd55a6e63e762aa7c9d1e3bd9a9ef5ab716835a69c77d257"},
    {file = "scipy-0.19.1.tar.gz", hash = "sha256:a19a2ca7a7336495ec180adeaa0dfdcf41e96dbbee90d51c3ed828ba570884e6"},
]

[package.dependencies]
numpy = ">=1.8.2"

[[package]]
name = "setuptools"
version = "30.1.0"
description = "Easily download, build, install, upgrade, and uninstall Python packages"
optional = false
python-versions = "*"
files = [
    {file = "setuptools-30.1.0-py2.py3-none-any.whl", hash = "sha256:3861f9b31fb4c6e9bdf6e485adcaf982d12dbd45a9108cea7b08817d6fdea18d"},
    {file = "setuptools-30.1.0.tar.gz", hash = "sha256:73c7f183260cec2ef870128c77106ba7a978649b8c4cddc320ec3547615e885f"},
    {file = "setuptools-30.1.0.zip", hash = "sha256:cf8bfab0fe44fa0c2f2b2626cdb938e8023711af053b1c12a2aba319b2f5f8cc"},
]

[package.extras]
certs = ["certifi (==2016.9.26)"]
ssl = ["wincertstore (==0.2)"]

[[package]]
name = "six"
version = "1.11.0"
description = "Python 2 and 3 compatibility utilities"
optional = false
python-versions = "*"
files = [
    {file = "six-1.11.0-py2.py3-none-any.whl", hash = "sha256:832dc0e10feb1aa2c68dcc57dbb658f1c7e65b9b61af69048abc87a2db00a0eb"},
    {file = "six-1.11.0.tar.gz", hash = "sha256:70e8a77beed4562e7f14fe23a786b54f6296e34344c23bc42f07b15018ff98e9"},
]

[[package]]
name = "statsmodels"
version = "0.10.2"
description = "Statistical computations and models for Python"
optional = false
python-versions = "*"
files = [
    {file = "statsmodels-0.10.2-cp27-cp27m-macosx_10_6_intel.whl", hash = "sha256:e67e244ae4ca988b40783db7e1bac0de5b7f9f91062cdc0c93e219b189700388"},
    {file = "statsmodels-0.10.2-cp27-cp27mu-manylinux1_i686.whl", hash = "sha256:65f08024ef9a0bd40b63c455d02da34394658c53c16e3494dd6171e86e639f9b"},
    {file = "statsmodels-0.10.2-cp27-cp27mu-manylinux1_x86_64.whl", hash = "sha256:9c9de647fa3ed058635e6a1b1bb2d3d2396f103cb1dcd00d5e70c36d8137639d"},
    {file = "statsmodels-0.10.2-cp27-none-win32.whl", hash = "sha256:6cb8395c820eda886721ec2e0db41ffebb2c5a090b27ef9bf51f64e9ab1486af"},
    {file = "statsmodels-0.10.2-cp27-none-win_amd64.whl", hash = "sha256:a7e6d67d986ef9776b80d30fba4dca1db534986ee2023bab121d70bd78d06c49"},
    {file = "statsmodels-0.10.2-cp35-cp35m-macosx_10_6_intel.whl", hash = "sha256:4d1c4b4ecdff539c7fea788f919ed25f25fdc50189a5c0b1a1a966bf04f3a2b8"},
    {file = "statsmodels-0.10.2-cp35-cp35m-manylinux1_i686.whl", hash = "sha256:75d8e36693d3e7459df9d4e5e4761b0277dd1c9d028a60ef6876e8299f8b9cd7"},
    {file = "statsmodels-0.10.2-cp35-cp35m-manylinux1_x86_64.whl", hash = "sha256:7db46146a5e773c9905d914735fabc1e7b3b1027adc98e42060ad8e61460e647"},
    {file = "statsmodels-0.10.2-cp35-none-win32.whl", hash = "sha256:938dcf95b37fdd6404e0c1f2035b51de0cfd63a63faa9048751176ea55cb4ce9"},
    {file = "statsmodels-0.10.2-cp35-none-win_amd64.whl", hash = "sha256:be0436f7ea14c277f30e3175dd463d2a26226d8fd360d06bb1c7cd1d9bbedafc"},
    {file = "statsmodels-0.10.2-cp36-cp36m-macosx_10_6_intel.whl", hash = "sha256:ede6c56ae5d67bf068c4486f970f24b10b952d85dab0b44e7761749159a90d7f"},
    {file = "statsmodels-0.10.2-cp36-cp36m-manylinux1_i686.whl", hash = "sha256:81c1a0a9dcc46713f47a5b69b1e7d74041ed85f774009302deedad11786beee0"},
    {file = "statsmodels-0.10.2-cp36-cp36m-manylinux1_x86_64.whl", hash = "sha256:8954e9f1659e99a6684167432d36e25bf4e739bb3ae99709a021490f11992fed"},
    {file = "statsmodels-0.10.2-cp36-none-win32.whl", hash = "sha256:f797eada017668ca4c8c50664ff44437c461dc20233da0e12ff81327a13877fd"},
    {file = "statsmodels-0.10.2-cp36-none-win_amd64.whl", hash = "sha256:eb0589fae351e123d8dbf0a8fbfd9e9cc033622b0e9f6e81684aa692be48688d"},
    {file = "statsmodels-0.10.2-cp37-cp37m-macosx_10_6_intel.whl", hash = "sha256:c84625b8746ee7e613752334bfb9ff60dffb91d22f19b7f08b8c387776dc42c1"},
    {file = "statsmodels-0.10.2-cp37-cp37m-manylinux1_x86_64.whl", hash = "sha256:172d947a1a8542eefe7155f73ead951f6748782846e8e97e73b8ebf6483d5820"},
    {file = "statsmodels-0.10.2-cp37-none-win32.whl", hash = "sha256:a8848b368838a62d06c9f0995bdc6f5e82e09f55440bd85c2c13c58777813ebc"},
    {file = "statsmodels-0.10.2-cp37-none-win_amd64.whl", hash = "sha256:1d61edd4b73f1f4ef983007cd0d797e6cafd9e7de0125584761d93f79675cdd2"},
    {file = "statsmodels-0.10.2-cp38-cp38-macosx_10_9_x86_64.whl", hash = "sha256:3b22ed234b80cd9d38988fba487da89cae484a4c2b9088b3e7783c0a937a4568"},
    {file = "statsmodels-0.10.2-cp38-cp38-manylinux1_x86_64.whl", hash = "sha256:e3d36ff3653b50554d9ad2c95556224d1882a5db328eea8a9aa32a0eb08e4e80"},
    {file = "statsmodels-0.10.2-cp38-none-win32.whl", hash = "sha256:f9271b4ff7430f63e6c20c28afacb75e97a384fafb336fe336985da80bcd8a49"},
    {file = "statsmodels-0.10.2-cp38-none-win_amd64.whl", hash = "sha256:adb5e524be26842c867f7dfdd74d7cfb2078fe2a6159b948e2f7ccf0e3d92002"},
    {file = "statsmodels-0.10.2.tar.gz", hash = "sha256:9cd2194c6642a8754e85f9a6e6912cdf996bebf6ff715d3cc67f65dadfd37cc9"},
]

[package.dependencies]
numpy = ">=1.11"
pandas = ">=0.19"
patsy = ">=0.4.0"
scipy = ">=0.18"

[package.extras]
build = ["cython (>=0.24)"]
develop = ["cython (>=0.24)"]
docs = ["ipykernel", "jupyter-client", "matplotlib", "nbconvert", "nbformat", "numpydoc", "pandas-datareader", "sphinx"]

[[package]]
name = "tqdm"
version = "4.23.3"
description = "Fast, Extensible Progress Meter"
optional = false
python-versions = "*"
files = [
    {file = "tqdm-4.23.3-py2.py3-none-any.whl", hash = "sha256:9fc19da10d7c962613cbcb9cdced41230deb31d9e20332da84c96917ff534281"},
    {file = "tqdm-4.23.3.tar.gz", hash = "sha256:ce205451a27b6050faed0bb2bcbea96c6a550f8c27cd2b5441d72e948113ad18"},
]

[metadata]
lock-version = "2.0"
python-versions = "<=3.8.20"
content-hash = "37612092e52e4c925fc09d609cd04085d491865771d8b6286a7af06b6636936b"
